// !$*UTF8*$!
{
	archiveVersion = 1;
	classes = {
	};
	objectVersion = 56;
	objects = {

/* Begin PBXBuildFile section */
		3043C5142C2DAB0E008E0066 /* SearchViewModelTestCase.swift in Sources */ = {isa = PBXBuildFile; fileRef = 3043C5132C2DAB0E008E0066 /* SearchViewModelTestCase.swift */; };
		3043C5182C2DF919008E0066 /* HeadlineStorageMock.swift in Sources */ = {isa = PBXBuildFile; fileRef = 3043C5172C2DF919008E0066 /* HeadlineStorageMock.swift */; };
		3043C51A2C2DF929008E0066 /* SearchStorageMock.swift in Sources */ = {isa = PBXBuildFile; fileRef = 3043C5192C2DF929008E0066 /* SearchStorageMock.swift */; };
		306A4B542C2C205400A2EEBE /* SearchViewModel.swift in Sources */ = {isa = PBXBuildFile; fileRef = 306A4B532C2C205400A2EEBE /* SearchViewModel.swift */; };
		306A4B562C2C236F00A2EEBE /* SearchView.swift in Sources */ = {isa = PBXBuildFile; fileRef = 306A4B552C2C236F00A2EEBE /* SearchView.swift */; };
		306A4B582C2C38F600A2EEBE /* SearchItemRowView.swift in Sources */ = {isa = PBXBuildFile; fileRef = 306A4B572C2C38F600A2EEBE /* SearchItemRowView.swift */; };
		306A4B5A2C2C391C00A2EEBE /* SearchItemViewModel.swift in Sources */ = {isa = PBXBuildFile; fileRef = 306A4B592C2C391C00A2EEBE /* SearchItemViewModel.swift */; };
		308542AF2C28089F0020E948 /* HomeCoordinatorView.swift in Sources */ = {isa = PBXBuildFile; fileRef = 308542AE2C28089F0020E948 /* HomeCoordinatorView.swift */; };
		308542B12C2809080020E948 /* HomeCoordinator.swift in Sources */ = {isa = PBXBuildFile; fileRef = 308542B02C2809080020E948 /* HomeCoordinator.swift */; };
		308542B32C2809AF0020E948 /* HeadLinesCoordinator.swift in Sources */ = {isa = PBXBuildFile; fileRef = 308542B22C2809AF0020E948 /* HeadLinesCoordinator.swift */; };
		308542B52C2809B80020E948 /* HeadLinesCoordinatorView.swift in Sources */ = {isa = PBXBuildFile; fileRef = 308542B42C2809B80020E948 /* HeadLinesCoordinatorView.swift */; };
		308542B72C280E560020E948 /* HeadLinesViewModel.swift in Sources */ = {isa = PBXBuildFile; fileRef = 308542B62C280E560020E948 /* HeadLinesViewModel.swift */; };
		308542B92C2811400020E948 /* HeadLinesView.swift in Sources */ = {isa = PBXBuildFile; fileRef = 308542B82C2811400020E948 /* HeadLinesView.swift */; };
		308542BC2C2813790020E948 /* NewsArticleDTO.swift in Sources */ = {isa = PBXBuildFile; fileRef = 308542BB2C2813790020E948 /* NewsArticleDTO.swift */; };
		308542BF2C283A2F0020E948 /* HeadLineItemView.swift in Sources */ = {isa = PBXBuildFile; fileRef = 308542BE2C283A2F0020E948 /* HeadLineItemView.swift */; };
		308542C32C283DB40020E948 /* HeadLineItemViewModel.swift in Sources */ = {isa = PBXBuildFile; fileRef = 308542C22C283DB40020E948 /* HeadLineItemViewModel.swift */; };
		308542C72C2846DB0020E948 /* String+Extension.swift in Sources */ = {isa = PBXBuildFile; fileRef = 308542C62C2846DB0020E948 /* String+Extension.swift */; };
		308542C92C2846E70020E948 /* Date+Extension.swift in Sources */ = {isa = PBXBuildFile; fileRef = 308542C82C2846E70020E948 /* Date+Extension.swift */; };
		308542CC2C28478B0020E948 /* DateFormats.swift in Sources */ = {isa = PBXBuildFile; fileRef = 308542CB2C28478B0020E948 /* DateFormats.swift */; };
		308542D32C2875DA0020E948 /* ArticleDetailsViewModel.swift in Sources */ = {isa = PBXBuildFile; fileRef = 308542D22C2875DA0020E948 /* ArticleDetailsViewModel.swift */; };
		308542D62C288D390020E948 /* ArticleDetailsView.swift in Sources */ = {isa = PBXBuildFile; fileRef = 308542D52C288D390020E948 /* ArticleDetailsView.swift */; };
		308542DC2C2964950020E948 /* SearchCoordinator.swift in Sources */ = {isa = PBXBuildFile; fileRef = 308542DB2C2964950020E948 /* SearchCoordinator.swift */; };
		308542DE2C2964AD0020E948 /* SearchCoordinatorView.swift in Sources */ = {isa = PBXBuildFile; fileRef = 308542DD2C2964AD0020E948 /* SearchCoordinatorView.swift */; };
		308542E32C296C490020E948 /* HeadLinesStorageProtocol.swift in Sources */ = {isa = PBXBuildFile; fileRef = 308542E22C296C490020E948 /* HeadLinesStorageProtocol.swift */; };
		308542E52C296EAA0020E948 /* ArticleEntity+Mapping.swift in Sources */ = {isa = PBXBuildFile; fileRef = 308542E42C296EAA0020E948 /* ArticleEntity+Mapping.swift */; };
		308542E72C296EE80020E948 /* CoreDataHeadLinesStorage.swift in Sources */ = {isa = PBXBuildFile; fileRef = 308542E62C296EE80020E948 /* CoreDataHeadLinesStorage.swift */; };
		308542F12C29C0870020E948 /* NetworkReachabilityManager.swift in Sources */ = {isa = PBXBuildFile; fileRef = 308542F02C29C0870020E948 /* NetworkReachabilityManager.swift */; };
		30D67FF72C2C9D55003240FA /* SearchServiceMock.swift in Sources */ = {isa = PBXBuildFile; fileRef = 30D67FF62C2C9D55003240FA /* SearchServiceMock.swift */; };
		30D67FF92C2C9E79003240FA /* SearchMockData.json in Resources */ = {isa = PBXBuildFile; fileRef = 30D67FF82C2C9E79003240FA /* SearchMockData.json */; };
		30D67FFB2C2C9EC9003240FA /* SearchRepositoryMock.swift in Sources */ = {isa = PBXBuildFile; fileRef = 30D67FFA2C2C9EC9003240FA /* SearchRepositoryMock.swift */; };
		30D67FFD2C2CA173003240FA /* SearchUseCaseTest.swift in Sources */ = {isa = PBXBuildFile; fileRef = 30D67FFC2C2CA173003240FA /* SearchUseCaseTest.swift */; };
		30D9AE7B2C2AE9BF00A02D18 /* HeadLinesFetcherServiceMock.swift in Sources */ = {isa = PBXBuildFile; fileRef = 30D9AE7A2C2AE9BF00A02D18 /* HeadLinesFetcherServiceMock.swift */; };
		30D9AE7F2C2AEABB00A02D18 /* MockJSONFetcher.swift in Sources */ = {isa = PBXBuildFile; fileRef = 30D9AE7E2C2AEABB00A02D18 /* MockJSONFetcher.swift */; };
		30D9AE822C2AEEA300A02D18 /* HeadLinesFetcherService.swift in Sources */ = {isa = PBXBuildFile; fileRef = 30D9AE812C2AEEA300A02D18 /* HeadLinesFetcherService.swift */; };
		30D9AE842C2AFCA400A02D18 /* HeadLinesRepositoryMock.swift in Sources */ = {isa = PBXBuildFile; fileRef = 30D9AE832C2AFCA400A02D18 /* HeadLinesRepositoryMock.swift */; };
		30D9AE862C2B00AA00A02D18 /* NetworkReachabilityManagerMock.swift in Sources */ = {isa = PBXBuildFile; fileRef = 30D9AE852C2B00AA00A02D18 /* NetworkReachabilityManagerMock.swift */; };
		30D9AE892C2B15BB00A02D18 /* HeadLinesMockData.json in Resources */ = {isa = PBXBuildFile; fileRef = 30D9AE7C2C2AEA5800A02D18 /* HeadLinesMockData.json */; };
		30D9AE8E2C2B456400A02D18 /* HeadLineItemViewModelTestCase.swift in Sources */ = {isa = PBXBuildFile; fileRef = 30D9AE8D2C2B456400A02D18 /* HeadLineItemViewModelTestCase.swift */; };
		30D9AE912C2B528C00A02D18 /* SearchRequest.swift in Sources */ = {isa = PBXBuildFile; fileRef = 30D9AE902C2B528C00A02D18 /* SearchRequest.swift */; };
		30D9AE932C2B56C900A02D18 /* SearchService.swift in Sources */ = {isa = PBXBuildFile; fileRef = 30D9AE922C2B56C900A02D18 /* SearchService.swift */; };
		30D9AE962C2B5F5900A02D18 /* SearchStorageProtocol.swift in Sources */ = {isa = PBXBuildFile; fileRef = 30D9AE952C2B5F5900A02D18 /* SearchStorageProtocol.swift */; };
		30D9AE9A2C2B60BA00A02D18 /* CoreDataSearchStorage.swift in Sources */ = {isa = PBXBuildFile; fileRef = 30D9AE992C2B60BA00A02D18 /* CoreDataSearchStorage.swift */; };
		30D9AE9D2C2B627D00A02D18 /* SearchRepository.swift in Sources */ = {isa = PBXBuildFile; fileRef = 30D9AE9C2C2B627D00A02D18 /* SearchRepository.swift */; };
		30D9AE9F2C2B62CF00A02D18 /* DefaultSearchRepositoryImplmentation.swift in Sources */ = {isa = PBXBuildFile; fileRef = 30D9AE9E2C2B62CF00A02D18 /* DefaultSearchRepositoryImplmentation.swift */; };
		30D9AEA12C2B65A800A02D18 /* SearchUseCase.swift in Sources */ = {isa = PBXBuildFile; fileRef = 30D9AEA02C2B65A800A02D18 /* SearchUseCase.swift */; };
		30ECEA312C25AD0600DEB764 /* NewsApp.swift in Sources */ = {isa = PBXBuildFile; fileRef = 30ECEA302C25AD0600DEB764 /* NewsApp.swift */; };
		30ECEA352C25AD0700DEB764 /* Assets.xcassets in Resources */ = {isa = PBXBuildFile; fileRef = 30ECEA342C25AD0700DEB764 /* Assets.xcassets */; };
		30ECEA382C25AD0700DEB764 /* Preview Assets.xcassets in Resources */ = {isa = PBXBuildFile; fileRef = 30ECEA372C25AD0700DEB764 /* Preview Assets.xcassets */; };
		30ECEA3A2C25AD0700DEB764 /* CoreDataStack.swift in Sources */ = {isa = PBXBuildFile; fileRef = 30ECEA392C25AD0700DEB764 /* CoreDataStack.swift */; };
		30ECEA3D2C25AD0700DEB764 /* NewsApp.xcdatamodeld in Sources */ = {isa = PBXBuildFile; fileRef = 30ECEA3B2C25AD0700DEB764 /* NewsApp.xcdatamodeld */; };
		30ECEA472C25AD0700DEB764 /* FetchHeadLinesUseCaseTest.swift in Sources */ = {isa = PBXBuildFile; fileRef = 30ECEA462C25AD0700DEB764 /* FetchHeadLinesUseCaseTest.swift */; };
		30ECEA662C2617F500DEB764 /* Article.swift in Sources */ = {isa = PBXBuildFile; fileRef = 30ECEA652C2617F500DEB764 /* Article.swift */; };
		30ECEA6B2C261AC200DEB764 /* APIConstants.swift in Sources */ = {isa = PBXBuildFile; fileRef = 30ECEA6A2C261AC200DEB764 /* APIConstants.swift */; };
		30ECEA722C26BC6500DEB764 /* APIManager.swift in Sources */ = {isa = PBXBuildFile; fileRef = 30ECEA712C26BC6500DEB764 /* APIManager.swift */; };
		30ECEA742C26BD7700DEB764 /* RequestProtocol.swift in Sources */ = {isa = PBXBuildFile; fileRef = 30ECEA732C26BD7700DEB764 /* RequestProtocol.swift */; };
		30ECEA762C26BD8800DEB764 /* RequestType.swift in Sources */ = {isa = PBXBuildFile; fileRef = 30ECEA752C26BD8800DEB764 /* RequestType.swift */; };
		30ECEA782C26BDC500DEB764 /* NetworkError.swift in Sources */ = {isa = PBXBuildFile; fileRef = 30ECEA772C26BDC500DEB764 /* NetworkError.swift */; };
		30ECEA7C2C26EE5B00DEB764 /* CustomDecodingError.swift in Sources */ = {isa = PBXBuildFile; fileRef = 30ECEA7B2C26EE5B00DEB764 /* CustomDecodingError.swift */; };
		30ECEA7E2C26F16900DEB764 /* HeadLinesRepository.swift in Sources */ = {isa = PBXBuildFile; fileRef = 30ECEA7D2C26F16900DEB764 /* HeadLinesRepository.swift */; };
		30ECEA802C26F79700DEB764 /* DefaultHeadLinesRepositoryImplmentation.swift in Sources */ = {isa = PBXBuildFile; fileRef = 30ECEA7F2C26F79700DEB764 /* DefaultHeadLinesRepositoryImplmentation.swift */; };
		30ECEA832C26F8EB00DEB764 /* HeadLinesRequest.swift in Sources */ = {isa = PBXBuildFile; fileRef = 30ECEA822C26F8EB00DEB764 /* HeadLinesRequest.swift */; };
		30ECEA852C26FB9300DEB764 /* FetchHeadLinesUseCase.swift in Sources */ = {isa = PBXBuildFile; fileRef = 30ECEA842C26FB9300DEB764 /* FetchHeadLinesUseCase.swift */; };
		44D83440B30F2DC6798F3A8E /* Pods_NewsAppTests.framework in Frameworks */ = {isa = PBXBuildFile; fileRef = 837804BEE72C2DB4BB584381 /* Pods_NewsAppTests.framework */; };
		73CD46F8E0B7785561A9F9AD /* Pods_NewsApp.framework in Frameworks */ = {isa = PBXBuildFile; fileRef = 70B2563429140CDB4320A939 /* Pods_NewsApp.framework */; };
/* End PBXBuildFile section */

/* Begin PBXContainerItemProxy section */
		30ECEA432C25AD0700DEB764 /* PBXContainerItemProxy */ = {
			isa = PBXContainerItemProxy;
			containerPortal = 30ECEA252C25AD0500DEB764 /* Project object */;
			proxyType = 1;
			remoteGlobalIDString = 30ECEA2C2C25AD0600DEB764;
			remoteInfo = NewsApp;
		};
/* End PBXContainerItemProxy section */

/* Begin PBXFileReference section */
		208400C29D4D0580E43BA1CE /* Pods_NewsApp_NewsAppUITests.framework */ = {isa = PBXFileReference; explicitFileType = wrapper.framework; includeInIndex = 0; path = Pods_NewsApp_NewsAppUITests.framework; sourceTree = BUILT_PRODUCTS_DIR; };
		3043C5132C2DAB0E008E0066 /* SearchViewModelTestCase.swift */ = {isa = PBXFileReference; lastKnownFileType = sourcecode.swift; path = SearchViewModelTestCase.swift; sourceTree = "<group>"; };
		3043C5172C2DF919008E0066 /* HeadlineStorageMock.swift */ = {isa = PBXFileReference; lastKnownFileType = sourcecode.swift; path = HeadlineStorageMock.swift; sourceTree = "<group>"; };
		3043C5192C2DF929008E0066 /* SearchStorageMock.swift */ = {isa = PBXFileReference; lastKnownFileType = sourcecode.swift; path = SearchStorageMock.swift; sourceTree = "<group>"; };
		306A4B532C2C205400A2EEBE /* SearchViewModel.swift */ = {isa = PBXFileReference; lastKnownFileType = sourcecode.swift; path = SearchViewModel.swift; sourceTree = "<group>"; };
		306A4B552C2C236F00A2EEBE /* SearchView.swift */ = {isa = PBXFileReference; lastKnownFileType = sourcecode.swift; path = SearchView.swift; sourceTree = "<group>"; };
		306A4B572C2C38F600A2EEBE /* SearchItemRowView.swift */ = {isa = PBXFileReference; lastKnownFileType = sourcecode.swift; path = SearchItemRowView.swift; sourceTree = "<group>"; };
		306A4B592C2C391C00A2EEBE /* SearchItemViewModel.swift */ = {isa = PBXFileReference; lastKnownFileType = sourcecode.swift; path = SearchItemViewModel.swift; sourceTree = "<group>"; };
		308542AE2C28089F0020E948 /* HomeCoordinatorView.swift */ = {isa = PBXFileReference; lastKnownFileType = sourcecode.swift; path = HomeCoordinatorView.swift; sourceTree = "<group>"; };
		308542B02C2809080020E948 /* HomeCoordinator.swift */ = {isa = PBXFileReference; lastKnownFileType = sourcecode.swift; path = HomeCoordinator.swift; sourceTree = "<group>"; };
		308542B22C2809AF0020E948 /* HeadLinesCoordinator.swift */ = {isa = PBXFileReference; lastKnownFileType = sourcecode.swift; path = HeadLinesCoordinator.swift; sourceTree = "<group>"; };
		308542B42C2809B80020E948 /* HeadLinesCoordinatorView.swift */ = {isa = PBXFileReference; lastKnownFileType = sourcecode.swift; path = HeadLinesCoordinatorView.swift; sourceTree = "<group>"; };
		308542B62C280E560020E948 /* HeadLinesViewModel.swift */ = {isa = PBXFileReference; lastKnownFileType = sourcecode.swift; path = HeadLinesViewModel.swift; sourceTree = "<group>"; };
		308542B82C2811400020E948 /* HeadLinesView.swift */ = {isa = PBXFileReference; lastKnownFileType = sourcecode.swift; path = HeadLinesView.swift; sourceTree = "<group>"; };
		308542BB2C2813790020E948 /* NewsArticleDTO.swift */ = {isa = PBXFileReference; lastKnownFileType = sourcecode.swift; path = NewsArticleDTO.swift; sourceTree = "<group>"; };
		308542BE2C283A2F0020E948 /* HeadLineItemView.swift */ = {isa = PBXFileReference; lastKnownFileType = sourcecode.swift; path = HeadLineItemView.swift; sourceTree = "<group>"; };
		308542C22C283DB40020E948 /* HeadLineItemViewModel.swift */ = {isa = PBXFileReference; lastKnownFileType = sourcecode.swift; path = HeadLineItemViewModel.swift; sourceTree = "<group>"; };
		308542C62C2846DB0020E948 /* String+Extension.swift */ = {isa = PBXFileReference; lastKnownFileType = sourcecode.swift; path = "String+Extension.swift"; sourceTree = "<group>"; };
		308542C82C2846E70020E948 /* Date+Extension.swift */ = {isa = PBXFileReference; lastKnownFileType = sourcecode.swift; path = "Date+Extension.swift"; sourceTree = "<group>"; };
		308542CB2C28478B0020E948 /* DateFormats.swift */ = {isa = PBXFileReference; lastKnownFileType = sourcecode.swift; path = DateFormats.swift; sourceTree = "<group>"; };
		308542D22C2875DA0020E948 /* ArticleDetailsViewModel.swift */ = {isa = PBXFileReference; lastKnownFileType = sourcecode.swift; path = ArticleDetailsViewModel.swift; sourceTree = "<group>"; };
		308542D52C288D390020E948 /* ArticleDetailsView.swift */ = {isa = PBXFileReference; lastKnownFileType = sourcecode.swift; path = ArticleDetailsView.swift; sourceTree = "<group>"; };
		308542DB2C2964950020E948 /* SearchCoordinator.swift */ = {isa = PBXFileReference; lastKnownFileType = sourcecode.swift; path = SearchCoordinator.swift; sourceTree = "<group>"; };
		308542DD2C2964AD0020E948 /* SearchCoordinatorView.swift */ = {isa = PBXFileReference; lastKnownFileType = sourcecode.swift; path = SearchCoordinatorView.swift; sourceTree = "<group>"; };
		308542E22C296C490020E948 /* HeadLinesStorageProtocol.swift */ = {isa = PBXFileReference; lastKnownFileType = sourcecode.swift; path = HeadLinesStorageProtocol.swift; sourceTree = "<group>"; };
		308542E42C296EAA0020E948 /* ArticleEntity+Mapping.swift */ = {isa = PBXFileReference; lastKnownFileType = sourcecode.swift; path = "ArticleEntity+Mapping.swift"; sourceTree = "<group>"; };
		308542E62C296EE80020E948 /* CoreDataHeadLinesStorage.swift */ = {isa = PBXFileReference; lastKnownFileType = sourcecode.swift; path = CoreDataHeadLinesStorage.swift; sourceTree = "<group>"; };
		308542F02C29C0870020E948 /* NetworkReachabilityManager.swift */ = {isa = PBXFileReference; lastKnownFileType = sourcecode.swift; path = NetworkReachabilityManager.swift; sourceTree = "<group>"; };
		30D67FF62C2C9D55003240FA /* SearchServiceMock.swift */ = {isa = PBXFileReference; lastKnownFileType = sourcecode.swift; path = SearchServiceMock.swift; sourceTree = "<group>"; };
		30D67FF82C2C9E79003240FA /* SearchMockData.json */ = {isa = PBXFileReference; lastKnownFileType = text.json; path = SearchMockData.json; sourceTree = "<group>"; };
		30D67FFA2C2C9EC9003240FA /* SearchRepositoryMock.swift */ = {isa = PBXFileReference; lastKnownFileType = sourcecode.swift; path = SearchRepositoryMock.swift; sourceTree = "<group>"; };
		30D67FFC2C2CA173003240FA /* SearchUseCaseTest.swift */ = {isa = PBXFileReference; lastKnownFileType = sourcecode.swift; path = SearchUseCaseTest.swift; sourceTree = "<group>"; };
		30D9AE7A2C2AE9BF00A02D18 /* HeadLinesFetcherServiceMock.swift */ = {isa = PBXFileReference; lastKnownFileType = sourcecode.swift; path = HeadLinesFetcherServiceMock.swift; sourceTree = "<group>"; };
		30D9AE7C2C2AEA5800A02D18 /* HeadLinesMockData.json */ = {isa = PBXFileReference; lastKnownFileType = text.json; path = HeadLinesMockData.json; sourceTree = "<group>"; };
		30D9AE7E2C2AEABB00A02D18 /* MockJSONFetcher.swift */ = {isa = PBXFileReference; lastKnownFileType = sourcecode.swift; path = MockJSONFetcher.swift; sourceTree = "<group>"; };
		30D9AE812C2AEEA300A02D18 /* HeadLinesFetcherService.swift */ = {isa = PBXFileReference; lastKnownFileType = sourcecode.swift; path = HeadLinesFetcherService.swift; sourceTree = "<group>"; };
		30D9AE832C2AFCA400A02D18 /* HeadLinesRepositoryMock.swift */ = {isa = PBXFileReference; lastKnownFileType = sourcecode.swift; path = HeadLinesRepositoryMock.swift; sourceTree = "<group>"; };
		30D9AE852C2B00AA00A02D18 /* NetworkReachabilityManagerMock.swift */ = {isa = PBXFileReference; lastKnownFileType = sourcecode.swift; path = NetworkReachabilityManagerMock.swift; sourceTree = "<group>"; };
		30D9AE8D2C2B456400A02D18 /* HeadLineItemViewModelTestCase.swift */ = {isa = PBXFileReference; lastKnownFileType = sourcecode.swift; path = HeadLineItemViewModelTestCase.swift; sourceTree = "<group>"; };
		30D9AE902C2B528C00A02D18 /* SearchRequest.swift */ = {isa = PBXFileReference; lastKnownFileType = sourcecode.swift; path = SearchRequest.swift; sourceTree = "<group>"; };
		30D9AE922C2B56C900A02D18 /* SearchService.swift */ = {isa = PBXFileReference; lastKnownFileType = sourcecode.swift; path = SearchService.swift; sourceTree = "<group>"; };
		30D9AE952C2B5F5900A02D18 /* SearchStorageProtocol.swift */ = {isa = PBXFileReference; lastKnownFileType = sourcecode.swift; path = SearchStorageProtocol.swift; sourceTree = "<group>"; };
		30D9AE992C2B60BA00A02D18 /* CoreDataSearchStorage.swift */ = {isa = PBXFileReference; lastKnownFileType = sourcecode.swift; path = CoreDataSearchStorage.swift; sourceTree = "<group>"; };
		30D9AE9C2C2B627D00A02D18 /* SearchRepository.swift */ = {isa = PBXFileReference; lastKnownFileType = sourcecode.swift; path = SearchRepository.swift; sourceTree = "<group>"; };
		30D9AE9E2C2B62CF00A02D18 /* DefaultSearchRepositoryImplmentation.swift */ = {isa = PBXFileReference; lastKnownFileType = sourcecode.swift; path = DefaultSearchRepositoryImplmentation.swift; sourceTree = "<group>"; };
		30D9AEA02C2B65A800A02D18 /* SearchUseCase.swift */ = {isa = PBXFileReference; lastKnownFileType = sourcecode.swift; path = SearchUseCase.swift; sourceTree = "<group>"; };
		30ECEA2D2C25AD0600DEB764 /* NewsApp.app */ = {isa = PBXFileReference; explicitFileType = wrapper.application; includeInIndex = 0; path = NewsApp.app; sourceTree = BUILT_PRODUCTS_DIR; };
		30ECEA302C25AD0600DEB764 /* NewsApp.swift */ = {isa = PBXFileReference; lastKnownFileType = sourcecode.swift; path = NewsApp.swift; sourceTree = "<group>"; };
		30ECEA342C25AD0700DEB764 /* Assets.xcassets */ = {isa = PBXFileReference; lastKnownFileType = folder.assetcatalog; path = Assets.xcassets; sourceTree = "<group>"; };
		30ECEA372C25AD0700DEB764 /* Preview Assets.xcassets */ = {isa = PBXFileReference; lastKnownFileType = folder.assetcatalog; path = "Preview Assets.xcassets"; sourceTree = "<group>"; };
		30ECEA392C25AD0700DEB764 /* CoreDataStack.swift */ = {isa = PBXFileReference; lastKnownFileType = sourcecode.swift; path = CoreDataStack.swift; sourceTree = "<group>"; };
		30ECEA3C2C25AD0700DEB764 /* NewsApp.xcdatamodel */ = {isa = PBXFileReference; lastKnownFileType = wrapper.xcdatamodel; path = NewsApp.xcdatamodel; sourceTree = "<group>"; };
		30ECEA422C25AD0700DEB764 /* NewsAppTests.xctest */ = {isa = PBXFileReference; explicitFileType = wrapper.cfbundle; includeInIndex = 0; path = NewsAppTests.xctest; sourceTree = BUILT_PRODUCTS_DIR; };
		30ECEA462C25AD0700DEB764 /* FetchHeadLinesUseCaseTest.swift */ = {isa = PBXFileReference; lastKnownFileType = sourcecode.swift; path = FetchHeadLinesUseCaseTest.swift; sourceTree = "<group>"; };
		30ECEA652C2617F500DEB764 /* Article.swift */ = {isa = PBXFileReference; lastKnownFileType = sourcecode.swift; path = Article.swift; sourceTree = "<group>"; };
		30ECEA6A2C261AC200DEB764 /* APIConstants.swift */ = {isa = PBXFileReference; lastKnownFileType = sourcecode.swift; path = APIConstants.swift; sourceTree = "<group>"; };
		30ECEA712C26BC6500DEB764 /* APIManager.swift */ = {isa = PBXFileReference; lastKnownFileType = sourcecode.swift; path = APIManager.swift; sourceTree = "<group>"; };
		30ECEA732C26BD7700DEB764 /* RequestProtocol.swift */ = {isa = PBXFileReference; lastKnownFileType = sourcecode.swift; path = RequestProtocol.swift; sourceTree = "<group>"; };
		30ECEA752C26BD8800DEB764 /* RequestType.swift */ = {isa = PBXFileReference; lastKnownFileType = sourcecode.swift; path = RequestType.swift; sourceTree = "<group>"; };
		30ECEA772C26BDC500DEB764 /* NetworkError.swift */ = {isa = PBXFileReference; lastKnownFileType = sourcecode.swift; path = NetworkError.swift; sourceTree = "<group>"; };
		30ECEA7B2C26EE5B00DEB764 /* CustomDecodingError.swift */ = {isa = PBXFileReference; lastKnownFileType = sourcecode.swift; path = CustomDecodingError.swift; sourceTree = "<group>"; };
		30ECEA7D2C26F16900DEB764 /* HeadLinesRepository.swift */ = {isa = PBXFileReference; lastKnownFileType = sourcecode.swift; path = HeadLinesRepository.swift; sourceTree = "<group>"; };
		30ECEA7F2C26F79700DEB764 /* DefaultHeadLinesRepositoryImplmentation.swift */ = {isa = PBXFileReference; lastKnownFileType = sourcecode.swift; path = DefaultHeadLinesRepositoryImplmentation.swift; sourceTree = "<group>"; };
		30ECEA822C26F8EB00DEB764 /* HeadLinesRequest.swift */ = {isa = PBXFileReference; lastKnownFileType = sourcecode.swift; path = HeadLinesRequest.swift; sourceTree = "<group>"; };
		30ECEA842C26FB9300DEB764 /* FetchHeadLinesUseCase.swift */ = {isa = PBXFileReference; lastKnownFileType = sourcecode.swift; path = FetchHeadLinesUseCase.swift; sourceTree = "<group>"; };
		582C0FB9AAEA96B05209171F /* Pods-NewsApp.release.xcconfig */ = {isa = PBXFileReference; includeInIndex = 1; lastKnownFileType = text.xcconfig; name = "Pods-NewsApp.release.xcconfig"; path = "Target Support Files/Pods-NewsApp/Pods-NewsApp.release.xcconfig"; sourceTree = "<group>"; };
		6587CF19B66DFB5DCF977671 /* Pods-NewsAppTests.release.xcconfig */ = {isa = PBXFileReference; includeInIndex = 1; lastKnownFileType = text.xcconfig; name = "Pods-NewsAppTests.release.xcconfig"; path = "Target Support Files/Pods-NewsAppTests/Pods-NewsAppTests.release.xcconfig"; sourceTree = "<group>"; };
		70B2563429140CDB4320A939 /* Pods_NewsApp.framework */ = {isa = PBXFileReference; explicitFileType = wrapper.framework; includeInIndex = 0; path = Pods_NewsApp.framework; sourceTree = BUILT_PRODUCTS_DIR; };
		720F726C2AB03C4D099C0CD4 /* Pods-NewsApp-NewsAppUITests.debug.xcconfig */ = {isa = PBXFileReference; includeInIndex = 1; lastKnownFileType = text.xcconfig; name = "Pods-NewsApp-NewsAppUITests.debug.xcconfig"; path = "Target Support Files/Pods-NewsApp-NewsAppUITests/Pods-NewsApp-NewsAppUITests.debug.xcconfig"; sourceTree = "<group>"; };
		7289A5C3E827922168D35334 /* Pods-NewsApp-NewsAppUITests.release.xcconfig */ = {isa = PBXFileReference; includeInIndex = 1; lastKnownFileType = text.xcconfig; name = "Pods-NewsApp-NewsAppUITests.release.xcconfig"; path = "Target Support Files/Pods-NewsApp-NewsAppUITests/Pods-NewsApp-NewsAppUITests.release.xcconfig"; sourceTree = "<group>"; };
		75A4BF329CFDBF55605D7F4D /* Pods-NewsApp.debug.xcconfig */ = {isa = PBXFileReference; includeInIndex = 1; lastKnownFileType = text.xcconfig; name = "Pods-NewsApp.debug.xcconfig"; path = "Target Support Files/Pods-NewsApp/Pods-NewsApp.debug.xcconfig"; sourceTree = "<group>"; };
		837804BEE72C2DB4BB584381 /* Pods_NewsAppTests.framework */ = {isa = PBXFileReference; explicitFileType = wrapper.framework; includeInIndex = 0; path = Pods_NewsAppTests.framework; sourceTree = BUILT_PRODUCTS_DIR; };
		BCEC6D4F5D9BA5D23CAAABC2 /* Pods-NewsAppTests.debug.xcconfig */ = {isa = PBXFileReference; includeInIndex = 1; lastKnownFileType = text.xcconfig; name = "Pods-NewsAppTests.debug.xcconfig"; path = "Target Support Files/Pods-NewsAppTests/Pods-NewsAppTests.debug.xcconfig"; sourceTree = "<group>"; };
/* End PBXFileReference section */

/* Begin PBXFrameworksBuildPhase section */
		30ECEA2A2C25AD0600DEB764 /* Frameworks */ = {
			isa = PBXFrameworksBuildPhase;
			buildActionMask = 2147483647;
			files = (
				73CD46F8E0B7785561A9F9AD /* Pods_NewsApp.framework in Frameworks */,
			);
			runOnlyForDeploymentPostprocessing = 0;
		};
		30ECEA3F2C25AD0700DEB764 /* Frameworks */ = {
			isa = PBXFrameworksBuildPhase;
			buildActionMask = 2147483647;
			files = (
				44D83440B30F2DC6798F3A8E /* Pods_NewsAppTests.framework in Frameworks */,
			);
			runOnlyForDeploymentPostprocessing = 0;
		};
/* End PBXFrameworksBuildPhase section */

/* Begin PBXGroup section */
		05C8E96B10406E739CAB9430 /* Frameworks */ = {
			isa = PBXGroup;
			children = (
				70B2563429140CDB4320A939 /* Pods_NewsApp.framework */,
				208400C29D4D0580E43BA1CE /* Pods_NewsApp_NewsAppUITests.framework */,
				837804BEE72C2DB4BB584381 /* Pods_NewsAppTests.framework */,
			);
			name = Frameworks;
			sourceTree = "<group>";
		};
		2A41CA63D505A7249640D5A0 /* Pods */ = {
			isa = PBXGroup;
			children = (
				75A4BF329CFDBF55605D7F4D /* Pods-NewsApp.debug.xcconfig */,
				582C0FB9AAEA96B05209171F /* Pods-NewsApp.release.xcconfig */,
				720F726C2AB03C4D099C0CD4 /* Pods-NewsApp-NewsAppUITests.debug.xcconfig */,
				7289A5C3E827922168D35334 /* Pods-NewsApp-NewsAppUITests.release.xcconfig */,
				BCEC6D4F5D9BA5D23CAAABC2 /* Pods-NewsAppTests.debug.xcconfig */,
				6587CF19B66DFB5DCF977671 /* Pods-NewsAppTests.release.xcconfig */,
			);
			path = Pods;
			sourceTree = "<group>";
		};
		3043C5112C2DAAC6008E0066 /* Search */ = {
			isa = PBXGroup;
			children = (
				3043C5122C2DAAEE008E0066 /* ViewModels */,
			);
			path = Search;
			sourceTree = "<group>";
		};
		3043C5122C2DAAEE008E0066 /* ViewModels */ = {
			isa = PBXGroup;
			children = (
				3043C5132C2DAB0E008E0066 /* SearchViewModelTestCase.swift */,
			);
			path = ViewModels;
			sourceTree = "<group>";
		};
		308542A82C2807E00020E948 /* HeadLines */ = {
			isa = PBXGroup;
			children = (
				308542AB2C2807FE0020E948 /* Views */,
				308542AA2C2807F90020E948 /* ViewModels */,
				308542A92C2807EF0020E948 /* Coordinators */,
			);
			path = HeadLines;
			sourceTree = "<group>";
		};
		308542A92C2807EF0020E948 /* Coordinators */ = {
			isa = PBXGroup;
			children = (
				308542B22C2809AF0020E948 /* HeadLinesCoordinator.swift */,
				308542B42C2809B80020E948 /* HeadLinesCoordinatorView.swift */,
			);
			path = Coordinators;
			sourceTree = "<group>";
		};
		308542AA2C2807F90020E948 /* ViewModels */ = {
			isa = PBXGroup;
			children = (
				308542D02C286CE00020E948 /* HeadLineItemViewModel */,
				308542CF2C286CD60020E948 /* HeadLinesViewModel */,
			);
			path = ViewModels;
			sourceTree = "<group>";
		};
		308542AB2C2807FE0020E948 /* Views */ = {
			isa = PBXGroup;
			children = (
				308542BD2C2839FC0020E948 /* HeadLinesListView */,
			);
			name = Views;
			sourceTree = "<group>";
		};
		308542AC2C2808350020E948 /* Home */ = {
			isa = PBXGroup;
			children = (
				308542AD2C2808490020E948 /* Coordinators */,
			);
			path = Home;
			sourceTree = "<group>";
		};
		308542AD2C2808490020E948 /* Coordinators */ = {
			isa = PBXGroup;
			children = (
				308542AE2C28089F0020E948 /* HomeCoordinatorView.swift */,
				308542B02C2809080020E948 /* HomeCoordinator.swift */,
			);
			path = Coordinators;
			sourceTree = "<group>";
		};
		308542BA2C2813230020E948 /* DataMapping */ = {
			isa = PBXGroup;
			children = (
				308542BB2C2813790020E948 /* NewsArticleDTO.swift */,
			);
			path = DataMapping;
			sourceTree = "<group>";
		};
		308542BD2C2839FC0020E948 /* HeadLinesListView */ = {
			isa = PBXGroup;
			children = (
				308542B82C2811400020E948 /* HeadLinesView.swift */,
				308542BE2C283A2F0020E948 /* HeadLineItemView.swift */,
			);
			name = HeadLinesListView;
			sourceTree = "<group>";
		};
		308542C42C2846C10020E948 /* Utils */ = {
			isa = PBXGroup;
			children = (
				308542CA2C28477C0020E948 /* Helpers */,
				308542C52C2846C90020E948 /* Extensions */,
			);
			path = Utils;
			sourceTree = "<group>";
		};
		308542C52C2846C90020E948 /* Extensions */ = {
			isa = PBXGroup;
			children = (
				308542C62C2846DB0020E948 /* String+Extension.swift */,
				308542C82C2846E70020E948 /* Date+Extension.swift */,
			);
			path = Extensions;
			sourceTree = "<group>";
		};
		308542CA2C28477C0020E948 /* Helpers */ = {
			isa = PBXGroup;
			children = (
				308542CB2C28478B0020E948 /* DateFormats.swift */,
				308542F02C29C0870020E948 /* NetworkReachabilityManager.swift */,
				30D9AE7E2C2AEABB00A02D18 /* MockJSONFetcher.swift */,
			);
			path = Helpers;
			sourceTree = "<group>";
		};
		308542CD2C286CAC0020E948 /* ArticleDetails */ = {
			isa = PBXGroup;
			children = (
				308542D42C288D240020E948 /* Views */,
				308542D12C2875710020E948 /* View Models */,
			);
			name = ArticleDetails;
			path = HeadLines;
			sourceTree = "<group>";
		};
		308542CF2C286CD60020E948 /* HeadLinesViewModel */ = {
			isa = PBXGroup;
			children = (
				308542B62C280E560020E948 /* HeadLinesViewModel.swift */,
			);
			path = HeadLinesViewModel;
			sourceTree = "<group>";
		};
		308542D02C286CE00020E948 /* HeadLineItemViewModel */ = {
			isa = PBXGroup;
			children = (
				308542C22C283DB40020E948 /* HeadLineItemViewModel.swift */,
			);
			path = HeadLineItemViewModel;
			sourceTree = "<group>";
		};
		308542D12C2875710020E948 /* View Models */ = {
			isa = PBXGroup;
			children = (
				308542D22C2875DA0020E948 /* ArticleDetailsViewModel.swift */,
			);
			path = "View Models";
			sourceTree = "<group>";
		};
		308542D42C288D240020E948 /* Views */ = {
			isa = PBXGroup;
			children = (
				308542D52C288D390020E948 /* ArticleDetailsView.swift */,
			);
			path = Views;
			sourceTree = "<group>";
		};
		308542D72C2964540020E948 /* Search */ = {
			isa = PBXGroup;
			children = (
				308542DA2C2964790020E948 /* Coordinator */,
				308542D92C2964670020E948 /* ViewModels */,
				308542D82C29645C0020E948 /* Views */,
			);
			path = Search;
			sourceTree = "<group>";
		};
		308542D82C29645C0020E948 /* Views */ = {
			isa = PBXGroup;
			children = (
				306A4B552C2C236F00A2EEBE /* SearchView.swift */,
				306A4B572C2C38F600A2EEBE /* SearchItemRowView.swift */,
			);
			path = Views;
			sourceTree = "<group>";
		};
		308542D92C2964670020E948 /* ViewModels */ = {
			isa = PBXGroup;
			children = (
				306A4B532C2C205400A2EEBE /* SearchViewModel.swift */,
				306A4B592C2C391C00A2EEBE /* SearchItemViewModel.swift */,
			);
			path = ViewModels;
			sourceTree = "<group>";
		};
		308542DA2C2964790020E948 /* Coordinator */ = {
			isa = PBXGroup;
			children = (
				308542DB2C2964950020E948 /* SearchCoordinator.swift */,
				308542DD2C2964AD0020E948 /* SearchCoordinatorView.swift */,
			);
			path = Coordinator;
			sourceTree = "<group>";
		};
		308542DF2C2969FE0020E948 /* CoreDataStack */ = {
			isa = PBXGroup;
			children = (
				30ECEA392C25AD0700DEB764 /* CoreDataStack.swift */,
				30ECEA3B2C25AD0700DEB764 /* NewsApp.xcdatamodeld */,
			);
			path = CoreDataStack;
			sourceTree = "<group>";
		};
		308542E02C296BD70020E948 /* HeadLinesStorage */ = {
			isa = PBXGroup;
			children = (
				308542E22C296C490020E948 /* HeadLinesStorageProtocol.swift */,
				308542E62C296EE80020E948 /* CoreDataHeadLinesStorage.swift */,
			);
			path = HeadLinesStorage;
			sourceTree = "<group>";
		};
		308542E12C296C220020E948 /* EntityMapping */ = {
			isa = PBXGroup;
			children = (
				308542E42C296EAA0020E948 /* ArticleEntity+Mapping.swift */,
			);
			path = EntityMapping;
			sourceTree = "<group>";
		};
		308542E82C29A7A30020E948 /* Common */ = {
			isa = PBXGroup;
			children = (
				308542C42C2846C10020E948 /* Utils */,
			);
			path = Common;
			sourceTree = "<group>";
		};
		308542F22C29C64F0020E948 /* Domain */ = {
			isa = PBXGroup;
			children = (
				308542F32C29C6620020E948 /* UseCases */,
			);
			path = Domain;
			sourceTree = "<group>";
		};
		308542F32C29C6620020E948 /* UseCases */ = {
			isa = PBXGroup;
			children = (
				30ECEA462C25AD0700DEB764 /* FetchHeadLinesUseCaseTest.swift */,
				30D67FFC2C2CA173003240FA /* SearchUseCaseTest.swift */,
			);
			path = UseCases;
			sourceTree = "<group>";
		};
		30D9AE792C2AE9AC00A02D18 /* Mocks */ = {
			isa = PBXGroup;
			children = (
				30D67FF62C2C9D55003240FA /* SearchServiceMock.swift */,
				30D9AE7A2C2AE9BF00A02D18 /* HeadLinesFetcherServiceMock.swift */,
				30D9AE832C2AFCA400A02D18 /* HeadLinesRepositoryMock.swift */,
				30D67FFA2C2C9EC9003240FA /* SearchRepositoryMock.swift */,
				30D9AE852C2B00AA00A02D18 /* NetworkReachabilityManagerMock.swift */,
				3043C5172C2DF919008E0066 /* HeadlineStorageMock.swift */,
				3043C5192C2DF929008E0066 /* SearchStorageMock.swift */,
			);
			path = Mocks;
			sourceTree = "<group>";
		};
		30D9AE802C2AED3300A02D18 /* Services */ = {
			isa = PBXGroup;
			children = (
				30D9AE812C2AEEA300A02D18 /* HeadLinesFetcherService.swift */,
				30D9AE922C2B56C900A02D18 /* SearchService.swift */,
			);
			path = Services;
			sourceTree = "<group>";
		};
		30D9AE8A2C2B451F00A02D18 /* Presentation */ = {
			isa = PBXGroup;
			children = (
				3043C5112C2DAAC6008E0066 /* Search */,
				30D9AE8B2C2B453C00A02D18 /* HeadLines */,
			);
			path = Presentation;
			sourceTree = "<group>";
		};
		30D9AE8B2C2B453C00A02D18 /* HeadLines */ = {
			isa = PBXGroup;
			children = (
				30D9AE8C2C2B454200A02D18 /* ViewModels */,
			);
			path = HeadLines;
			sourceTree = "<group>";
		};
		30D9AE8C2C2B454200A02D18 /* ViewModels */ = {
			isa = PBXGroup;
			children = (
				30D9AE8D2C2B456400A02D18 /* HeadLineItemViewModelTestCase.swift */,
			);
			path = ViewModels;
			sourceTree = "<group>";
		};
		30D9AE8F2C2B525800A02D18 /* SearchRequest */ = {
			isa = PBXGroup;
			children = (
				30D9AE902C2B528C00A02D18 /* SearchRequest.swift */,
			);
			path = SearchRequest;
			sourceTree = "<group>";
		};
		30D9AE942C2B5F4600A02D18 /* SearchStorage */ = {
			isa = PBXGroup;
			children = (
				30D9AE952C2B5F5900A02D18 /* SearchStorageProtocol.swift */,
				30D9AE992C2B60BA00A02D18 /* CoreDataSearchStorage.swift */,
			);
			path = SearchStorage;
			sourceTree = "<group>";
		};
		30ECEA242C25AD0500DEB764 = {
			isa = PBXGroup;
			children = (
				30ECEA2F2C25AD0600DEB764 /* NewsApp */,
				30ECEA452C25AD0700DEB764 /* NewsAppTests */,
				30ECEA2E2C25AD0600DEB764 /* Products */,
				2A41CA63D505A7249640D5A0 /* Pods */,
				05C8E96B10406E739CAB9430 /* Frameworks */,
			);
			sourceTree = "<group>";
		};
		30ECEA2E2C25AD0600DEB764 /* Products */ = {
			isa = PBXGroup;
			children = (
				30ECEA2D2C25AD0600DEB764 /* NewsApp.app */,
				30ECEA422C25AD0700DEB764 /* NewsAppTests.xctest */,
			);
			name = Products;
			sourceTree = "<group>";
		};
		30ECEA2F2C25AD0600DEB764 /* NewsApp */ = {
			isa = PBXGroup;
			children = (
				308542E82C29A7A30020E948 /* Common */,
				30ECEA862C27710100DEB764 /* Presentation */,
				30ECEA672C261A0A00DEB764 /* Data */,
				30ECEA612C25B6FB00DEB764 /* Domain */,
				30ECEA602C25B6AD00DEB764 /* Resources */,
				30ECEA5F2C25AD8100DEB764 /* Application */,
				30ECEA362C25AD0700DEB764 /* Preview Content */,
			);
			path = NewsApp;
			sourceTree = "<group>";
		};
		30ECEA362C25AD0700DEB764 /* Preview Content */ = {
			isa = PBXGroup;
			children = (
				30ECEA372C25AD0700DEB764 /* Preview Assets.xcassets */,
			);
			path = "Preview Content";
			sourceTree = "<group>";
		};
		30ECEA452C25AD0700DEB764 /* NewsAppTests */ = {
			isa = PBXGroup;
			children = (
				30D9AE792C2AE9AC00A02D18 /* Mocks */,
				30D9AE8A2C2B451F00A02D18 /* Presentation */,
				308542F22C29C64F0020E948 /* Domain */,
			);
			path = NewsAppTests;
			sourceTree = "<group>";
		};
		30ECEA5F2C25AD8100DEB764 /* Application */ = {
			isa = PBXGroup;
			children = (
				30ECEA302C25AD0600DEB764 /* NewsApp.swift */,
			);
			path = Application;
			sourceTree = "<group>";
		};
		30ECEA602C25B6AD00DEB764 /* Resources */ = {
			isa = PBXGroup;
			children = (
				30D9AE7C2C2AEA5800A02D18 /* HeadLinesMockData.json */,
				30D67FF82C2C9E79003240FA /* SearchMockData.json */,
				30ECEA342C25AD0700DEB764 /* Assets.xcassets */,
			);
			path = Resources;
			sourceTree = "<group>";
		};
		30ECEA612C25B6FB00DEB764 /* Domain */ = {
			isa = PBXGroup;
			children = (
				30ECEA642C2616C700DEB764 /* RepositoryProtocols */,
				30ECEA632C26131000DEB764 /* UseCases */,
				30ECEA622C26130000DEB764 /* Entities */,
			);
			path = Domain;
			sourceTree = "<group>";
		};
		30ECEA622C26130000DEB764 /* Entities */ = {
			isa = PBXGroup;
			children = (
				30ECEA652C2617F500DEB764 /* Article.swift */,
			);
			path = Entities;
			sourceTree = "<group>";
		};
		30ECEA632C26131000DEB764 /* UseCases */ = {
			isa = PBXGroup;
			children = (
				30ECEA842C26FB9300DEB764 /* FetchHeadLinesUseCase.swift */,
				30D9AEA02C2B65A800A02D18 /* SearchUseCase.swift */,
			);
			path = UseCases;
			sourceTree = "<group>";
		};
		30ECEA642C2616C700DEB764 /* RepositoryProtocols */ = {
			isa = PBXGroup;
			children = (
				30ECEA7D2C26F16900DEB764 /* HeadLinesRepository.swift */,
				30D9AE9C2C2B627D00A02D18 /* SearchRepository.swift */,
			);
			name = RepositoryProtocols;
			sourceTree = "<group>";
		};
		30ECEA672C261A0A00DEB764 /* Data */ = {
			isa = PBXGroup;
			children = (
				30ECEA6D2C26BAFB00DEB764 /* Repositories */,
				30ECEA6C2C26BAD900DEB764 /* PersistentStorages */,
				30ECEA682C261A1000DEB764 /* Network */,
			);
			path = Data;
			sourceTree = "<group>";
		};
		30ECEA682C261A1000DEB764 /* Network */ = {
			isa = PBXGroup;
			children = (
				30D9AE802C2AED3300A02D18 /* Services */,
				308542BA2C2813230020E948 /* DataMapping */,
				30ECEA692C261AAB00DEB764 /* APIManager */,
				30ECEA6E2C26BB9700DEB764 /* Request */,
				30ECEA6A2C261AC200DEB764 /* APIConstants.swift */,
			);
			path = Network;
			sourceTree = "<group>";
		};
		30ECEA692C261AAB00DEB764 /* APIManager */ = {
			isa = PBXGroup;
			children = (
				30ECEA712C26BC6500DEB764 /* APIManager.swift */,
			);
			path = APIManager;
			sourceTree = "<group>";
		};
		30ECEA6C2C26BAD900DEB764 /* PersistentStorages */ = {
			isa = PBXGroup;
			children = (
				308542E12C296C220020E948 /* EntityMapping */,
				30D9AE942C2B5F4600A02D18 /* SearchStorage */,
				308542E02C296BD70020E948 /* HeadLinesStorage */,
				308542DF2C2969FE0020E948 /* CoreDataStack */,
			);
			path = PersistentStorages;
			sourceTree = "<group>";
		};
		30ECEA6D2C26BAFB00DEB764 /* Repositories */ = {
			isa = PBXGroup;
			children = (
				30ECEA7F2C26F79700DEB764 /* DefaultHeadLinesRepositoryImplmentation.swift */,
				30D9AE9E2C2B62CF00A02D18 /* DefaultSearchRepositoryImplmentation.swift */,
			);
			path = Repositories;
			sourceTree = "<group>";
		};
		30ECEA6E2C26BB9700DEB764 /* Request */ = {
			isa = PBXGroup;
			children = (
				30D9AE8F2C2B525800A02D18 /* SearchRequest */,
				30ECEA812C26F8C500DEB764 /* HeadLinesRequest */,
				30ECEA732C26BD7700DEB764 /* RequestProtocol.swift */,
				30ECEA752C26BD8800DEB764 /* RequestType.swift */,
				30ECEA772C26BDC500DEB764 /* NetworkError.swift */,
				30ECEA7B2C26EE5B00DEB764 /* CustomDecodingError.swift */,
			);
			path = Request;
			sourceTree = "<group>";
		};
		30ECEA812C26F8C500DEB764 /* HeadLinesRequest */ = {
			isa = PBXGroup;
			children = (
				30ECEA822C26F8EB00DEB764 /* HeadLinesRequest.swift */,
			);
			path = HeadLinesRequest;
			sourceTree = "<group>";
		};
		30ECEA862C27710100DEB764 /* Presentation */ = {
			isa = PBXGroup;
			children = (
				308542D72C2964540020E948 /* Search */,
				308542CD2C286CAC0020E948 /* ArticleDetails */,
				308542AC2C2808350020E948 /* Home */,
				308542A82C2807E00020E948 /* HeadLines */,
			);
			path = Presentation;
			sourceTree = "<group>";
		};
/* End PBXGroup section */

/* Begin PBXNativeTarget section */
		30ECEA2C2C25AD0600DEB764 /* NewsApp */ = {
			isa = PBXNativeTarget;
			buildConfigurationList = 30ECEA562C25AD0700DEB764 /* Build configuration list for PBXNativeTarget "NewsApp" */;
			buildPhases = (
				D9AAC5F2C9382A5A3A276931 /* [CP] Check Pods Manifest.lock */,
				30ECEA292C25AD0600DEB764 /* Sources */,
				30ECEA2A2C25AD0600DEB764 /* Frameworks */,
				30ECEA2B2C25AD0600DEB764 /* Resources */,
				11FC21CEA53C1AD5BDA59634 /* [CP] Embed Pods Frameworks */,
			);
			buildRules = (
			);
			dependencies = (
			);
			name = NewsApp;
			productName = NewsApp;
			productReference = 30ECEA2D2C25AD0600DEB764 /* NewsApp.app */;
			productType = "com.apple.product-type.application";
		};
		30ECEA412C25AD0700DEB764 /* NewsAppTests */ = {
			isa = PBXNativeTarget;
			buildConfigurationList = 30ECEA592C25AD0700DEB764 /* Build configuration list for PBXNativeTarget "NewsAppTests" */;
			buildPhases = (
				689837F25B915451AB2EF934 /* [CP] Check Pods Manifest.lock */,
				30ECEA3E2C25AD0700DEB764 /* Sources */,
				30ECEA3F2C25AD0700DEB764 /* Frameworks */,
				30ECEA402C25AD0700DEB764 /* Resources */,
			);
			buildRules = (
			);
			dependencies = (
				30ECEA442C25AD0700DEB764 /* PBXTargetDependency */,
			);
			name = NewsAppTests;
			productName = NewsAppTests;
			productReference = 30ECEA422C25AD0700DEB764 /* NewsAppTests.xctest */;
			productType = "com.apple.product-type.bundle.unit-test";
		};
/* End PBXNativeTarget section */

/* Begin PBXProject section */
		30ECEA252C25AD0500DEB764 /* Project object */ = {
			isa = PBXProject;
			attributes = {
				BuildIndependentTargetsInParallel = 1;
				LastSwiftUpdateCheck = 1530;
				LastUpgradeCheck = 1530;
				TargetAttributes = {
					30ECEA2C2C25AD0600DEB764 = {
						CreatedOnToolsVersion = 15.3;
					};
					30ECEA412C25AD0700DEB764 = {
						CreatedOnToolsVersion = 15.3;
						TestTargetID = 30ECEA2C2C25AD0600DEB764;
					};
				};
			};
			buildConfigurationList = 30ECEA282C25AD0500DEB764 /* Build configuration list for PBXProject "NewsApp" */;
			compatibilityVersion = "Xcode 14.0";
			developmentRegion = en;
			hasScannedForEncodings = 0;
			knownRegions = (
				en,
				Base,
			);
			mainGroup = 30ECEA242C25AD0500DEB764;
			productRefGroup = 30ECEA2E2C25AD0600DEB764 /* Products */;
			projectDirPath = "";
			projectRoot = "";
			targets = (
				30ECEA2C2C25AD0600DEB764 /* NewsApp */,
				30ECEA412C25AD0700DEB764 /* NewsAppTests */,
			);
		};
/* End PBXProject section */

/* Begin PBXResourcesBuildPhase section */
		30ECEA2B2C25AD0600DEB764 /* Resources */ = {
			isa = PBXResourcesBuildPhase;
			buildActionMask = 2147483647;
			files = (
				30D9AE892C2B15BB00A02D18 /* HeadLinesMockData.json in Resources */,
				30D67FF92C2C9E79003240FA /* SearchMockData.json in Resources */,
				30ECEA382C25AD0700DEB764 /* Preview Assets.xcassets in Resources */,
				30ECEA352C25AD0700DEB764 /* Assets.xcassets in Resources */,
			);
			runOnlyForDeploymentPostprocessing = 0;
		};
		30ECEA402C25AD0700DEB764 /* Resources */ = {
			isa = PBXResourcesBuildPhase;
			buildActionMask = 2147483647;
			files = (
			);
			runOnlyForDeploymentPostprocessing = 0;
		};
/* End PBXResourcesBuildPhase section */

/* Begin PBXShellScriptBuildPhase section */
		11FC21CEA53C1AD5BDA59634 /* [CP] Embed Pods Frameworks */ = {
			isa = PBXShellScriptBuildPhase;
			buildActionMask = 2147483647;
			files = (
			);
			inputFileListPaths = (
				"${PODS_ROOT}/Target Support Files/Pods-NewsApp/Pods-NewsApp-frameworks-${CONFIGURATION}-input-files.xcfilelist",
			);
			name = "[CP] Embed Pods Frameworks";
			outputFileListPaths = (
				"${PODS_ROOT}/Target Support Files/Pods-NewsApp/Pods-NewsApp-frameworks-${CONFIGURATION}-output-files.xcfilelist",
			);
			runOnlyForDeploymentPostprocessing = 0;
			shellPath = /bin/sh;
			shellScript = "\"${PODS_ROOT}/Target Support Files/Pods-NewsApp/Pods-NewsApp-frameworks.sh\"\n";
			showEnvVarsInLog = 0;
		};
		689837F25B915451AB2EF934 /* [CP] Check Pods Manifest.lock */ = {
			isa = PBXShellScriptBuildPhase;
			buildActionMask = 2147483647;
			files = (
			);
			inputFileListPaths = (
			);
			inputPaths = (
				"${PODS_PODFILE_DIR_PATH}/Podfile.lock",
				"${PODS_ROOT}/Manifest.lock",
			);
			name = "[CP] Check Pods Manifest.lock";
			outputFileListPaths = (
			);
			outputPaths = (
				"$(DERIVED_FILE_DIR)/Pods-NewsAppTests-checkManifestLockResult.txt",
			);
			runOnlyForDeploymentPostprocessing = 0;
			shellPath = /bin/sh;
			shellScript = "diff \"${PODS_PODFILE_DIR_PATH}/Podfile.lock\" \"${PODS_ROOT}/Manifest.lock\" > /dev/null\nif [ $? != 0 ] ; then\n    # print error to STDERR\n    echo \"error: The sandbox is not in sync with the Podfile.lock. Run 'pod install' or update your CocoaPods installation.\" >&2\n    exit 1\nfi\n# This output is used by Xcode 'outputs' to avoid re-running this script phase.\necho \"SUCCESS\" > \"${SCRIPT_OUTPUT_FILE_0}\"\n";
			showEnvVarsInLog = 0;
		};
		D9AAC5F2C9382A5A3A276931 /* [CP] Check Pods Manifest.lock */ = {
			isa = PBXShellScriptBuildPhase;
			buildActionMask = 2147483647;
			files = (
			);
			inputFileListPaths = (
			);
			inputPaths = (
				"${PODS_PODFILE_DIR_PATH}/Podfile.lock",
				"${PODS_ROOT}/Manifest.lock",
			);
			name = "[CP] Check Pods Manifest.lock";
			outputFileListPaths = (
			);
			outputPaths = (
				"$(DERIVED_FILE_DIR)/Pods-NewsApp-checkManifestLockResult.txt",
			);
			runOnlyForDeploymentPostprocessing = 0;
			shellPath = /bin/sh;
			shellScript = "diff \"${PODS_PODFILE_DIR_PATH}/Podfile.lock\" \"${PODS_ROOT}/Manifest.lock\" > /dev/null\nif [ $? != 0 ] ; then\n    # print error to STDERR\n    echo \"error: The sandbox is not in sync with the Podfile.lock. Run 'pod install' or update your CocoaPods installation.\" >&2\n    exit 1\nfi\n# This output is used by Xcode 'outputs' to avoid re-running this script phase.\necho \"SUCCESS\" > \"${SCRIPT_OUTPUT_FILE_0}\"\n";
			showEnvVarsInLog = 0;
		};
/* End PBXShellScriptBuildPhase section */

/* Begin PBXSourcesBuildPhase section */
		30ECEA292C25AD0600DEB764 /* Sources */ = {
			isa = PBXSourcesBuildPhase;
			buildActionMask = 2147483647;
			files = (
				308542F12C29C0870020E948 /* NetworkReachabilityManager.swift in Sources */,
				30ECEA722C26BC6500DEB764 /* APIManager.swift in Sources */,
				30ECEA3A2C25AD0700DEB764 /* CoreDataStack.swift in Sources */,
				308542B92C2811400020E948 /* HeadLinesView.swift in Sources */,
				308542BC2C2813790020E948 /* NewsArticleDTO.swift in Sources */,
				30D9AE822C2AEEA300A02D18 /* HeadLinesFetcherService.swift in Sources */,
				30ECEA7C2C26EE5B00DEB764 /* CustomDecodingError.swift in Sources */,
				30ECEA6B2C261AC200DEB764 /* APIConstants.swift in Sources */,
				308542BF2C283A2F0020E948 /* HeadLineItemView.swift in Sources */,
				306A4B5A2C2C391C00A2EEBE /* SearchItemViewModel.swift in Sources */,
				30D9AE9F2C2B62CF00A02D18 /* DefaultSearchRepositoryImplmentation.swift in Sources */,
				306A4B562C2C236F00A2EEBE /* SearchView.swift in Sources */,
				30D9AE912C2B528C00A02D18 /* SearchRequest.swift in Sources */,
				308542AF2C28089F0020E948 /* HomeCoordinatorView.swift in Sources */,
				30D9AE7F2C2AEABB00A02D18 /* MockJSONFetcher.swift in Sources */,
				308542C72C2846DB0020E948 /* String+Extension.swift in Sources */,
				308542DE2C2964AD0020E948 /* SearchCoordinatorView.swift in Sources */,
				308542E52C296EAA0020E948 /* ArticleEntity+Mapping.swift in Sources */,
				30D9AEA12C2B65A800A02D18 /* SearchUseCase.swift in Sources */,
				308542B52C2809B80020E948 /* HeadLinesCoordinatorView.swift in Sources */,
				30ECEA3D2C25AD0700DEB764 /* NewsApp.xcdatamodeld in Sources */,
				308542B32C2809AF0020E948 /* HeadLinesCoordinator.swift in Sources */,
				30D9AE932C2B56C900A02D18 /* SearchService.swift in Sources */,
				30ECEA662C2617F500DEB764 /* Article.swift in Sources */,
				306A4B542C2C205400A2EEBE /* SearchViewModel.swift in Sources */,
				30D9AE9D2C2B627D00A02D18 /* SearchRepository.swift in Sources */,
				308542D62C288D390020E948 /* ArticleDetailsView.swift in Sources */,
				30ECEA312C25AD0600DEB764 /* NewsApp.swift in Sources */,
				308542D32C2875DA0020E948 /* ArticleDetailsViewModel.swift in Sources */,
				308542DC2C2964950020E948 /* SearchCoordinator.swift in Sources */,
				30ECEA802C26F79700DEB764 /* DefaultHeadLinesRepositoryImplmentation.swift in Sources */,
				308542E32C296C490020E948 /* HeadLinesStorageProtocol.swift in Sources */,
				308542C92C2846E70020E948 /* Date+Extension.swift in Sources */,
				30ECEA7E2C26F16900DEB764 /* HeadLinesRepository.swift in Sources */,
				30D9AE9A2C2B60BA00A02D18 /* CoreDataSearchStorage.swift in Sources */,
				30ECEA782C26BDC500DEB764 /* NetworkError.swift in Sources */,
				308542E72C296EE80020E948 /* CoreDataHeadLinesStorage.swift in Sources */,
				306A4B582C2C38F600A2EEBE /* SearchItemRowView.swift in Sources */,
				308542CC2C28478B0020E948 /* DateFormats.swift in Sources */,
				30ECEA852C26FB9300DEB764 /* FetchHeadLinesUseCase.swift in Sources */,
				30ECEA832C26F8EB00DEB764 /* HeadLinesRequest.swift in Sources */,
				308542B12C2809080020E948 /* HomeCoordinator.swift in Sources */,
				308542C32C283DB40020E948 /* HeadLineItemViewModel.swift in Sources */,
				308542B72C280E560020E948 /* HeadLinesViewModel.swift in Sources */,
				30D9AE962C2B5F5900A02D18 /* SearchStorageProtocol.swift in Sources */,
				30ECEA742C26BD7700DEB764 /* RequestProtocol.swift in Sources */,
				30ECEA762C26BD8800DEB764 /* RequestType.swift in Sources */,
			);
			runOnlyForDeploymentPostprocessing = 0;
		};
		30ECEA3E2C25AD0700DEB764 /* Sources */ = {
			isa = PBXSourcesBuildPhase;
			buildActionMask = 2147483647;
			files = (
				30D9AE7B2C2AE9BF00A02D18 /* HeadLinesFetcherServiceMock.swift in Sources */,
				3043C5182C2DF919008E0066 /* HeadlineStorageMock.swift in Sources */,
				30D67FFD2C2CA173003240FA /* SearchUseCaseTest.swift in Sources */,
				3043C51A2C2DF929008E0066 /* SearchStorageMock.swift in Sources */,
				30D9AE8E2C2B456400A02D18 /* HeadLineItemViewModelTestCase.swift in Sources */,
				30D9AE862C2B00AA00A02D18 /* NetworkReachabilityManagerMock.swift in Sources */,
				3043C5142C2DAB0E008E0066 /* SearchViewModelTestCase.swift in Sources */,
				30D67FFB2C2C9EC9003240FA /* SearchRepositoryMock.swift in Sources */,
				30ECEA472C25AD0700DEB764 /* FetchHeadLinesUseCaseTest.swift in Sources */,
				30D9AE842C2AFCA400A02D18 /* HeadLinesRepositoryMock.swift in Sources */,
				30D67FF72C2C9D55003240FA /* SearchServiceMock.swift in Sources */,
			);
			runOnlyForDeploymentPostprocessing = 0;
		};
/* End PBXSourcesBuildPhase section */

/* Begin PBXTargetDependency section */
		30ECEA442C25AD0700DEB764 /* PBXTargetDependency */ = {
			isa = PBXTargetDependency;
			target = 30ECEA2C2C25AD0600DEB764 /* NewsApp */;
			targetProxy = 30ECEA432C25AD0700DEB764 /* PBXContainerItemProxy */;
		};
/* End PBXTargetDependency section */

/* Begin XCBuildConfiguration section */
		30ECEA542C25AD0700DEB764 /* Debug */ = {
			isa = XCBuildConfiguration;
			buildSettings = {
				ALWAYS_SEARCH_USER_PATHS = NO;
				ASSETCATALOG_COMPILER_GENERATE_SWIFT_ASSET_SYMBOL_EXTENSIONS = YES;
				CLANG_ANALYZER_NONNULL = YES;
				CLANG_ANALYZER_NUMBER_OBJECT_CONVERSION = YES_AGGRESSIVE;
				CLANG_CXX_LANGUAGE_STANDARD = "gnu++20";
				CLANG_ENABLE_MODULES = YES;
				CLANG_ENABLE_OBJC_ARC = YES;
				CLANG_ENABLE_OBJC_WEAK = YES;
				CLANG_WARN_BLOCK_CAPTURE_AUTORELEASING = YES;
				CLANG_WARN_BOOL_CONVERSION = YES;
				CLANG_WARN_COMMA = YES;
				CLANG_WARN_CONSTANT_CONVERSION = YES;
				CLANG_WARN_DEPRECATED_OBJC_IMPLEMENTATIONS = YES;
				CLANG_WARN_DIRECT_OBJC_ISA_USAGE = YES_ERROR;
				CLANG_WARN_DOCUMENTATION_COMMENTS = YES;
				CLANG_WARN_EMPTY_BODY = YES;
				CLANG_WARN_ENUM_CONVERSION = YES;
				CLANG_WARN_INFINITE_RECURSION = YES;
				CLANG_WARN_INT_CONVERSION = YES;
				CLANG_WARN_NON_LITERAL_NULL_CONVERSION = YES;
				CLANG_WARN_OBJC_IMPLICIT_RETAIN_SELF = YES;
				CLANG_WARN_OBJC_LITERAL_CONVERSION = YES;
				CLANG_WARN_OBJC_ROOT_CLASS = YES_ERROR;
				CLANG_WARN_QUOTED_INCLUDE_IN_FRAMEWORK_HEADER = YES;
				CLANG_WARN_RANGE_LOOP_ANALYSIS = YES;
				CLANG_WARN_STRICT_PROTOTYPES = YES;
				CLANG_WARN_SUSPICIOUS_MOVE = YES;
				CLANG_WARN_UNGUARDED_AVAILABILITY = YES_AGGRESSIVE;
				CLANG_WARN_UNREACHABLE_CODE = YES;
				CLANG_WARN__DUPLICATE_METHOD_MATCH = YES;
				COPY_PHASE_STRIP = NO;
				DEBUG_INFORMATION_FORMAT = dwarf;
				ENABLE_STRICT_OBJC_MSGSEND = YES;
				ENABLE_TESTABILITY = YES;
				ENABLE_USER_SCRIPT_SANDBOXING = YES;
				GCC_C_LANGUAGE_STANDARD = gnu17;
				GCC_DYNAMIC_NO_PIC = NO;
				GCC_NO_COMMON_BLOCKS = YES;
				GCC_OPTIMIZATION_LEVEL = 0;
				GCC_PREPROCESSOR_DEFINITIONS = (
					"DEBUG=1",
					"$(inherited)",
				);
				GCC_WARN_64_TO_32_BIT_CONVERSION = YES;
				GCC_WARN_ABOUT_RETURN_TYPE = YES_ERROR;
				GCC_WARN_UNDECLARED_SELECTOR = YES;
				GCC_WARN_UNINITIALIZED_AUTOS = YES_AGGRESSIVE;
				GCC_WARN_UNUSED_FUNCTION = YES;
				GCC_WARN_UNUSED_VARIABLE = YES;
				IPHONEOS_DEPLOYMENT_TARGET = 17.4;
				LOCALIZATION_PREFERS_STRING_CATALOGS = YES;
				MTL_ENABLE_DEBUG_INFO = INCLUDE_SOURCE;
				MTL_FAST_MATH = YES;
				ONLY_ACTIVE_ARCH = YES;
				SDKROOT = iphoneos;
				SWIFT_ACTIVE_COMPILATION_CONDITIONS = "DEBUG $(inherited)";
				SWIFT_OPTIMIZATION_LEVEL = "-Onone";
			};
			name = Debug;
		};
		30ECEA552C25AD0700DEB764 /* Release */ = {
			isa = XCBuildConfiguration;
			buildSettings = {
				ALWAYS_SEARCH_USER_PATHS = NO;
				ASSETCATALOG_COMPILER_GENERATE_SWIFT_ASSET_SYMBOL_EXTENSIONS = YES;
				CLANG_ANALYZER_NONNULL = YES;
				CLANG_ANALYZER_NUMBER_OBJECT_CONVERSION = YES_AGGRESSIVE;
				CLANG_CXX_LANGUAGE_STANDARD = "gnu++20";
				CLANG_ENABLE_MODULES = YES;
				CLANG_ENABLE_OBJC_ARC = YES;
				CLANG_ENABLE_OBJC_WEAK = YES;
				CLANG_WARN_BLOCK_CAPTURE_AUTORELEASING = YES;
				CLANG_WARN_BOOL_CONVERSION = YES;
				CLANG_WARN_COMMA = YES;
				CLANG_WARN_CONSTANT_CONVERSION = YES;
				CLANG_WARN_DEPRECATED_OBJC_IMPLEMENTATIONS = YES;
				CLANG_WARN_DIRECT_OBJC_ISA_USAGE = YES_ERROR;
				CLANG_WARN_DOCUMENTATION_COMMENTS = YES;
				CLANG_WARN_EMPTY_BODY = YES;
				CLANG_WARN_ENUM_CONVERSION = YES;
				CLANG_WARN_INFINITE_RECURSION = YES;
				CLANG_WARN_INT_CONVERSION = YES;
				CLANG_WARN_NON_LITERAL_NULL_CONVERSION = YES;
				CLANG_WARN_OBJC_IMPLICIT_RETAIN_SELF = YES;
				CLANG_WARN_OBJC_LITERAL_CONVERSION = YES;
				CLANG_WARN_OBJC_ROOT_CLASS = YES_ERROR;
				CLANG_WARN_QUOTED_INCLUDE_IN_FRAMEWORK_HEADER = YES;
				CLANG_WARN_RANGE_LOOP_ANALYSIS = YES;
				CLANG_WARN_STRICT_PROTOTYPES = YES;
				CLANG_WARN_SUSPICIOUS_MOVE = YES;
				CLANG_WARN_UNGUARDED_AVAILABILITY = YES_AGGRESSIVE;
				CLANG_WARN_UNREACHABLE_CODE = YES;
				CLANG_WARN__DUPLICATE_METHOD_MATCH = YES;
				COPY_PHASE_STRIP = NO;
				DEBUG_INFORMATION_FORMAT = "dwarf-with-dsym";
				ENABLE_NS_ASSERTIONS = NO;
				ENABLE_STRICT_OBJC_MSGSEND = YES;
				ENABLE_USER_SCRIPT_SANDBOXING = YES;
				GCC_C_LANGUAGE_STANDARD = gnu17;
				GCC_NO_COMMON_BLOCKS = YES;
				GCC_WARN_64_TO_32_BIT_CONVERSION = YES;
				GCC_WARN_ABOUT_RETURN_TYPE = YES_ERROR;
				GCC_WARN_UNDECLARED_SELECTOR = YES;
				GCC_WARN_UNINITIALIZED_AUTOS = YES_AGGRESSIVE;
				GCC_WARN_UNUSED_FUNCTION = YES;
				GCC_WARN_UNUSED_VARIABLE = YES;
				IPHONEOS_DEPLOYMENT_TARGET = 17.4;
				LOCALIZATION_PREFERS_STRING_CATALOGS = YES;
				MTL_ENABLE_DEBUG_INFO = NO;
				MTL_FAST_MATH = YES;
				SDKROOT = iphoneos;
				SWIFT_COMPILATION_MODE = wholemodule;
				VALIDATE_PRODUCT = YES;
			};
			name = Release;
		};
		30ECEA572C25AD0700DEB764 /* Debug */ = {
			isa = XCBuildConfiguration;
			baseConfigurationReference = 75A4BF329CFDBF55605D7F4D /* Pods-NewsApp.debug.xcconfig */;
			buildSettings = {
				ASSETCATALOG_COMPILER_APPICON_NAME = AppIcon;
				ASSETCATALOG_COMPILER_GLOBAL_ACCENT_COLOR_NAME = AccentColor;
				CODE_SIGN_STYLE = Automatic;
				CURRENT_PROJECT_VERSION = 1;
				DEVELOPMENT_ASSET_PATHS = "\"NewsApp/Preview Content\"";
				DEVELOPMENT_TEAM = 2Q2UWMU587;
				ENABLE_PREVIEWS = YES;
				ENABLE_USER_SCRIPT_SANDBOXING = NO;
				GENERATE_INFOPLIST_FILE = YES;
				INFOPLIST_KEY_UIApplicationSceneManifest_Generation = YES;
				INFOPLIST_KEY_UIApplicationSupportsIndirectInputEvents = YES;
				INFOPLIST_KEY_UILaunchScreen_Generation = YES;
				INFOPLIST_KEY_UISupportedInterfaceOrientations_iPad = "UIInterfaceOrientationPortrait UIInterfaceOrientationPortraitUpsideDown UIInterfaceOrientationLandscapeLeft UIInterfaceOrientationLandscapeRight";
				INFOPLIST_KEY_UISupportedInterfaceOrientations_iPhone = "UIInterfaceOrientationPortrait UIInterfaceOrientationLandscapeLeft UIInterfaceOrientationLandscapeRight";
				LD_RUNPATH_SEARCH_PATHS = (
					"$(inherited)",
					"@executable_path/Frameworks",
				);
				MARKETING_VERSION = 1.0;
				PRODUCT_BUNDLE_IDENTIFIER = com.tarek.NewsApp;
				PRODUCT_NAME = "$(TARGET_NAME)";
				SWIFT_EMIT_LOC_STRINGS = YES;
				SWIFT_VERSION = 5.0;
				TARGETED_DEVICE_FAMILY = "1,2";
			};
			name = Debug;
		};
		30ECEA582C25AD0700DEB764 /* Release */ = {
			isa = XCBuildConfiguration;
			baseConfigurationReference = 582C0FB9AAEA96B05209171F /* Pods-NewsApp.release.xcconfig */;
			buildSettings = {
				ASSETCATALOG_COMPILER_APPICON_NAME = AppIcon;
				ASSETCATALOG_COMPILER_GLOBAL_ACCENT_COLOR_NAME = AccentColor;
				CODE_SIGN_STYLE = Automatic;
				CURRENT_PROJECT_VERSION = 1;
				DEVELOPMENT_ASSET_PATHS = "\"NewsApp/Preview Content\"";
				DEVELOPMENT_TEAM = 2Q2UWMU587;
				ENABLE_PREVIEWS = YES;
				ENABLE_USER_SCRIPT_SANDBOXING = NO;
				GENERATE_INFOPLIST_FILE = YES;
				INFOPLIST_KEY_UIApplicationSceneManifest_Generation = YES;
				INFOPLIST_KEY_UIApplicationSupportsIndirectInputEvents = YES;
				INFOPLIST_KEY_UILaunchScreen_Generation = YES;
				INFOPLIST_KEY_UISupportedInterfaceOrientations_iPad = "UIInterfaceOrientationPortrait UIInterfaceOrientationPortraitUpsideDown UIInterfaceOrientationLandscapeLeft UIInterfaceOrientationLandscapeRight";
				INFOPLIST_KEY_UISupportedInterfaceOrientations_iPhone = "UIInterfaceOrientationPortrait UIInterfaceOrientationLandscapeLeft UIInterfaceOrientationLandscapeRight";
				LD_RUNPATH_SEARCH_PATHS = (
					"$(inherited)",
					"@executable_path/Frameworks",
				);
				MARKETING_VERSION = 1.0;
				PRODUCT_BUNDLE_IDENTIFIER = com.tarek.NewsApp;
				PRODUCT_NAME = "$(TARGET_NAME)";
				SWIFT_EMIT_LOC_STRINGS = YES;
				SWIFT_VERSION = 5.0;
				TARGETED_DEVICE_FAMILY = "1,2";
			};
			name = Release;
		};
		30ECEA5A2C25AD0700DEB764 /* Debug */ = {
			isa = XCBuildConfiguration;
			baseConfigurationReference = BCEC6D4F5D9BA5D23CAAABC2 /* Pods-NewsAppTests.debug.xcconfig */;
			buildSettings = {
				ALWAYS_EMBED_SWIFT_STANDARD_LIBRARIES = YES;
				BUNDLE_LOADER = "$(TEST_HOST)";
				CODE_SIGN_STYLE = Automatic;
				CURRENT_PROJECT_VERSION = 1;
				DEVELOPMENT_TEAM = 2Q2UWMU587;
				GENERATE_INFOPLIST_FILE = YES;
				IPHONEOS_DEPLOYMENT_TARGET = 17.4;
				MARKETING_VERSION = 1.0;
				PRODUCT_BUNDLE_IDENTIFIER = com.tarek.NewsAppTests;
				PRODUCT_NAME = "$(TARGET_NAME)";
				SWIFT_EMIT_LOC_STRINGS = NO;
				SWIFT_VERSION = 5.0;
				TARGETED_DEVICE_FAMILY = "1,2";
				TEST_HOST = "$(BUILT_PRODUCTS_DIR)/NewsApp.app/$(BUNDLE_EXECUTABLE_FOLDER_PATH)/NewsApp";
			};
			name = Debug;
		};
		30ECEA5B2C25AD0700DEB764 /* Release */ = {
			isa = XCBuildConfiguration;
			baseConfigurationReference = 6587CF19B66DFB5DCF977671 /* Pods-NewsAppTests.release.xcconfig */;
			buildSettings = {
				ALWAYS_EMBED_SWIFT_STANDARD_LIBRARIES = YES;
				BUNDLE_LOADER = "$(TEST_HOST)";
				CODE_SIGN_STYLE = Automatic;
				CURRENT_PROJECT_VERSION = 1;
				DEVELOPMENT_TEAM = 2Q2UWMU587;
				GENERATE_INFOPLIST_FILE = YES;
				IPHONEOS_DEPLOYMENT_TARGET = 17.4;
				MARKETING_VERSION = 1.0;
				PRODUCT_BUNDLE_IDENTIFIER = com.tarek.NewsAppTests;
				PRODUCT_NAME = "$(TARGET_NAME)";
				SWIFT_EMIT_LOC_STRINGS = NO;
				SWIFT_VERSION = 5.0;
				TARGETED_DEVICE_FAMILY = "1,2";
				TEST_HOST = "$(BUILT_PRODUCTS_DIR)/NewsApp.app/$(BUNDLE_EXECUTABLE_FOLDER_PATH)/NewsApp";
			};
			name = Release;
		};
/* End XCBuildConfiguration section */

/* Begin XCConfigurationList section */
		30ECEA282C25AD0500DEB764 /* Build configuration list for PBXProject "NewsApp" */ = {
			isa = XCConfigurationList;
			buildConfigurations = (
				30ECEA542C25AD0700DEB764 /* Debug */,
				30ECEA552C25AD0700DEB764 /* Release */,
			);
			defaultConfigurationIsVisible = 0;
			defaultConfigurationName = Release;
		};
		30ECEA562C25AD0700DEB764 /* Build configuration list for PBXNativeTarget "NewsApp" */ = {
			isa = XCConfigurationList;
			buildConfigurations = (
				30ECEA572C25AD0700DEB764 /* Debug */,
				30ECEA582C25AD0700DEB764 /* Release */,
			);
			defaultConfigurationIsVisible = 0;
			defaultConfigurationName = Release;
		};
		30ECEA592C25AD0700DEB764 /* Build configuration list for PBXNativeTarget "NewsAppTests" */ = {
			isa = XCConfigurationList;
			buildConfigurations = (
				30ECEA5A2C25AD0700DEB764 /* Debug */,
				30ECEA5B2C25AD0700DEB764 /* Release */,
			);
			defaultConfigurationIsVisible = 0;
			defaultConfigurationName = Release;
		};
/* End XCConfigurationList section */

/* Begin XCVersionGroup section */
		30ECEA3B2C25AD0700DEB764 /* NewsApp.xcdatamodeld */ = {
			isa = XCVersionGroup;
			children = (
				30ECEA3C2C25AD0700DEB764 /* NewsApp.xcdatamodel */,
			);
			currentVersion = 30ECEA3C2C25AD0700DEB764 /* NewsApp.xcdatamodel */;
			path = NewsApp.xcdatamodeld;
			sourceTree = "<group>";
			versionGroupType = wrapper.xcdatamodel;
		};
/* End XCVersionGroup section */
	};
	rootObject = 30ECEA252C25AD0500DEB764 /* Project object */;
}
