// !$*UTF8*$!
{
	archiveVersion = 1;
	classes = {
	};
	objectVersion = 56;
	objects = {

/* Begin PBXBuildFile section */
		30ECEA312C25AD0600DEB764 /* NewsAppApp.swift in Sources */ = {isa = PBXBuildFile; fileRef = 30ECEA302C25AD0600DEB764 /* NewsAppApp.swift */; };
		30ECEA332C25AD0600DEB764 /* ContentView.swift in Sources */ = {isa = PBXBuildFile; fileRef = 30ECEA322C25AD0600DEB764 /* ContentView.swift */; };
		30ECEA352C25AD0700DEB764 /* Assets.xcassets in Resources */ = {isa = PBXBuildFile; fileRef = 30ECEA342C25AD0700DEB764 /* Assets.xcassets */; };
		30ECEA382C25AD0700DEB764 /* Preview Assets.xcassets in Resources */ = {isa = PBXBuildFile; fileRef = 30ECEA372C25AD0700DEB764 /* Preview Assets.xcassets */; };
		30ECEA3A2C25AD0700DEB764 /* Persistence.swift in Sources */ = {isa = PBXBuildFile; fileRef = 30ECEA392C25AD0700DEB764 /* Persistence.swift */; };
		30ECEA3D2C25AD0700DEB764 /* NewsApp.xcdatamodeld in Sources */ = {isa = PBXBuildFile; fileRef = 30ECEA3B2C25AD0700DEB764 /* NewsApp.xcdatamodeld */; };
		30ECEA472C25AD0700DEB764 /* NewsAppTests.swift in Sources */ = {isa = PBXBuildFile; fileRef = 30ECEA462C25AD0700DEB764 /* NewsAppTests.swift */; };
		30ECEA512C25AD0700DEB764 /* NewsAppUITests.swift in Sources */ = {isa = PBXBuildFile; fileRef = 30ECEA502C25AD0700DEB764 /* NewsAppUITests.swift */; };
		30ECEA532C25AD0700DEB764 /* NewsAppUITestsLaunchTests.swift in Sources */ = {isa = PBXBuildFile; fileRef = 30ECEA522C25AD0700DEB764 /* NewsAppUITestsLaunchTests.swift */; };
/* End PBXBuildFile section */

/* Begin PBXContainerItemProxy section */
		30ECEA432C25AD0700DEB764 /* PBXContainerItemProxy */ = {
			isa = PBXContainerItemProxy;
			containerPortal = 30ECEA252C25AD0500DEB764 /* Project object */;
			proxyType = 1;
			remoteGlobalIDString = 30ECEA2C2C25AD0600DEB764;
			remoteInfo = NewsApp;
		};
		30ECEA4D2C25AD0700DEB764 /* PBXContainerItemProxy */ = {
			isa = PBXContainerItemProxy;
			containerPortal = 30ECEA252C25AD0500DEB764 /* Project object */;
			proxyType = 1;
			remoteGlobalIDString = 30ECEA2C2C25AD0600DEB764;
			remoteInfo = NewsApp;
		};
/* End PBXContainerItemProxy section */

/* Begin PBXFileReference section */
		30ECEA2D2C25AD0600DEB764 /* NewsApp.app */ = {isa = PBXFileReference; explicitFileType = wrapper.application; includeInIndex = 0; path = NewsApp.app; sourceTree = BUILT_PRODUCTS_DIR; };
		30ECEA302C25AD0600DEB764 /* NewsAppApp.swift */ = {isa = PBXFileReference; lastKnownFileType = sourcecode.swift; path = NewsAppApp.swift; sourceTree = "<group>"; };
		30ECEA322C25AD0600DEB764 /* ContentView.swift */ = {isa = PBXFileReference; lastKnownFileType = sourcecode.swift; path = ContentView.swift; sourceTree = "<group>"; };
		30ECEA342C25AD0700DEB764 /* Assets.xcassets */ = {isa = PBXFileReference; lastKnownFileType = folder.assetcatalog; path = Assets.xcassets; sourceTree = "<group>"; };
		30ECEA372C25AD0700DEB764 /* Preview Assets.xcassets */ = {isa = PBXFileReference; lastKnownFileType = folder.assetcatalog; path = "Preview Assets.xcassets"; sourceTree = "<group>"; };
		30ECEA392C25AD0700DEB764 /* Persistence.swift */ = {isa = PBXFileReference; lastKnownFileType = sourcecode.swift; path = Persistence.swift; sourceTree = "<group>"; };
		30ECEA3C2C25AD0700DEB764 /* NewsApp.xcdatamodel */ = {isa = PBXFileReference; lastKnownFileType = wrapper.xcdatamodel; path = NewsApp.xcdatamodel; sourceTree = "<group>"; };
		30ECEA422C25AD0700DEB764 /* NewsAppTests.xctest */ = {isa = PBXFileReference; explicitFileType = wrapper.cfbundle; includeInIndex = 0; path = NewsAppTests.xctest; sourceTree = BUILT_PRODUCTS_DIR; };
		30ECEA462C25AD0700DEB764 /* NewsAppTests.swift */ = {isa = PBXFileReference; lastKnownFileType = sourcecode.swift; path = NewsAppTests.swift; sourceTree = "<group>"; };
		30ECEA4C2C25AD0700DEB764 /* NewsAppUITests.xctest */ = {isa = PBXFileReference; explicitFileType = wrapper.cfbundle; includeInIndex = 0; path = NewsAppUITests.xctest; sourceTree = BUILT_PRODUCTS_DIR; };
		30ECEA502C25AD0700DEB764 /* NewsAppUITests.swift */ = {isa = PBXFileReference; lastKnownFileType = sourcecode.swift; path = NewsAppUITests.swift; sourceTree = "<group>"; };
		30ECEA522C25AD0700DEB764 /* NewsAppUITestsLaunchTests.swift */ = {isa = PBXFileReference; lastKnownFileType = sourcecode.swift; path = NewsAppUITestsLaunchTests.swift; sourceTree = "<group>"; };
/* End PBXFileReference section */

/* Begin PBXFrameworksBuildPhase section */
		30ECEA2A2C25AD0600DEB764 /* Frameworks */ = {
			isa = PBXFrameworksBuildPhase;
			buildActionMask = 2147483647;
			files = (
			);
			runOnlyForDeploymentPostprocessing = 0;
		};
		30ECEA3F2C25AD0700DEB764 /* Frameworks */ = {
			isa = PBXFrameworksBuildPhase;
			buildActionMask = 2147483647;
			files = (
			);
			runOnlyForDeploymentPostprocessing = 0;
		};
		30ECEA492C25AD0700DEB764 /* Frameworks */ = {
			isa = PBXFrameworksBuildPhase;
			buildActionMask = 2147483647;
			files = (
			);
			runOnlyForDeploymentPostprocessing = 0;
		};
/* End PBXFrameworksBuildPhase section */

/* Begin PBXGroup section */
		30ECEA242C25AD0500DEB764 = {
			isa = PBXGroup;
			children = (
				30ECEA2F2C25AD0600DEB764 /* NewsApp */,
				30ECEA452C25AD0700DEB764 /* NewsAppTests */,
				30ECEA4F2C25AD0700DEB764 /* NewsAppUITests */,
				30ECEA2E2C25AD0600DEB764 /* Products */,
			);
			sourceTree = "<group>";
		};
		30ECEA2E2C25AD0600DEB764 /* Products */ = {
			isa = PBXGroup;
			children = (
				30ECEA2D2C25AD0600DEB764 /* NewsApp.app */,
				30ECEA422C25AD0700DEB764 /* NewsAppTests.xctest */,
				30ECEA4C2C25AD0700DEB764 /* NewsAppUITests.xctest */,
			);
			name = Products;
			sourceTree = "<group>";
		};
		30ECEA2F2C25AD0600DEB764 /* NewsApp */ = {
			isa = PBXGroup;
			children = (
				30ECEA302C25AD0600DEB764 /* NewsAppApp.swift */,
				30ECEA322C25AD0600DEB764 /* ContentView.swift */,
				30ECEA342C25AD0700DEB764 /* Assets.xcassets */,
				30ECEA392C25AD0700DEB764 /* Persistence.swift */,
				30ECEA3B2C25AD0700DEB764 /* NewsApp.xcdatamodeld */,
				30ECEA362C25AD0700DEB764 /* Preview Content */,
			);
			path = NewsApp;
			sourceTree = "<group>";
		};
		30ECEA362C25AD0700DEB764 /* Preview Content */ = {
			isa = PBXGroup;
			children = (
				30ECEA372C25AD0700DEB764 /* Preview Assets.xcassets */,
			);
			path = "Preview Content";
			sourceTree = "<group>";
		};
		30ECEA452C25AD0700DEB764 /* NewsAppTests */ = {
			isa = PBXGroup;
			children = (
				30ECEA462C25AD0700DEB764 /* NewsAppTests.swift */,
			);
			path = NewsAppTests;
			sourceTree = "<group>";
		};
		30ECEA4F2C25AD0700DEB764 /* NewsAppUITests */ = {
			isa = PBXGroup;
			children = (
				30ECEA502C25AD0700DEB764 /* NewsAppUITests.swift */,
				30ECEA522C25AD0700DEB764 /* NewsAppUITestsLaunchTests.swift */,
			);
			path = NewsAppUITests;
			sourceTree = "<group>";
		};
/* End PBXGroup section */

/* Begin PBXNativeTarget section */
		30ECEA2C2C25AD0600DEB764 /* NewsApp */ = {
			isa = PBXNativeTarget;
			buildConfigurationList = 30ECEA562C25AD0700DEB764 /* Build configuration list for PBXNativeTarget "NewsApp" */;
			buildPhases = (
				30ECEA292C25AD0600DEB764 /* Sources */,
				30ECEA2A2C25AD0600DEB764 /* Frameworks */,
				30ECEA2B2C25AD0600DEB764 /* Resources */,
			);
			buildRules = (
			);
			dependencies = (
			);
			name = NewsApp;
			productName = NewsApp;
			productReference = 30ECEA2D2C25AD0600DEB764 /* NewsApp.app */;
			productType = "com.apple.product-type.application";
		};
		30ECEA412C25AD0700DEB764 /* NewsAppTests */ = {
			isa = PBXNativeTarget;
			buildConfigurationList = 30ECEA592C25AD0700DEB764 /* Build configuration list for PBXNativeTarget "NewsAppTests" */;
			buildPhases = (
				30ECEA3E2C25AD0700DEB764 /* Sources */,
				30ECEA3F2C25AD0700DEB764 /* Frameworks */,
				30ECEA402C25AD0700DEB764 /* Resources */,
			);
			buildRules = (
			);
			dependencies = (
				30ECEA442C25AD0700DEB764 /* PBXTargetDependency */,
			);
			name = NewsAppTests;
			productName = NewsAppTests;
			productReference = 30ECEA422C25AD0700DEB764 /* NewsAppTests.xctest */;
			productType = "com.apple.product-type.bundle.unit-test";
		};
		30ECEA4B2C25AD0700DEB764 /* NewsAppUITests */ = {
			isa = PBXNativeTarget;
			buildConfigurationList = 30ECEA5C2C25AD0700DEB764 /* Build configuration list for PBXNativeTarget "NewsAppUITests" */;
			buildPhases = (
				30ECEA482C25AD0700DEB764 /* Sources */,
				30ECEA492C25AD0700DEB764 /* Frameworks */,
				30ECEA4A2C25AD0700DEB764 /* Resources */,
			);
			buildRules = (
			);
			dependencies = (
				30ECEA4E2C25AD0700DEB764 /* PBXTargetDependency */,
			);
			name = NewsAppUITests;
			productName = NewsAppUITests;
			productReference = 30ECEA4C2C25AD0700DEB764 /* NewsAppUITests.xctest */;
			productType = "com.apple.product-type.bundle.ui-testing";
		};
/* End PBXNativeTarget section */

/* Begin PBXProject section */
		30ECEA252C25AD0500DEB764 /* Project object */ = {
			isa = PBXProject;
			attributes = {
				BuildIndependentTargetsInParallel = 1;
				LastSwiftUpdateCheck = 1530;
				LastUpgradeCheck = 1530;
				TargetAttributes = {
					30ECEA2C2C25AD0600DEB764 = {
						CreatedOnToolsVersion = 15.3;
					};
					30ECEA412C25AD0700DEB764 = {
						CreatedOnToolsVersion = 15.3;
						TestTargetID = 30ECEA2C2C25AD0600DEB764;
					};
					30ECEA4B2C25AD0700DEB764 = {
						CreatedOnToolsVersion = 15.3;
						TestTargetID = 30ECEA2C2C25AD0600DEB764;
					};
				};
			};
			buildConfigurationList = 30ECEA282C25AD0500DEB764 /* Build configuration list for PBXProject "NewsApp" */;
			compatibilityVersion = "Xcode 14.0";
			developmentRegion = en;
			hasScannedForEncodings = 0;
			knownRegions = (
				en,
				Base,
			);
			mainGroup = 30ECEA242C25AD0500DEB764;
			productRefGroup = 30ECEA2E2C25AD0600DEB764 /* Products */;
			projectDirPath = "";
			projectRoot = "";
			targets = (
				30ECEA2C2C25AD0600DEB764 /* NewsApp */,
				30ECEA412C25AD0700DEB764 /* NewsAppTests */,
				30ECEA4B2C25AD0700DEB764 /* NewsAppUITests */,
			);
		};
/* End PBXProject section */

/* Begin PBXResourcesBuildPhase section */
		30ECEA2B2C25AD0600DEB764 /* Resources */ = {
			isa = PBXResourcesBuildPhase;
			buildActionMask = 2147483647;
			files = (
				30ECEA382C25AD0700DEB764 /* Preview Assets.xcassets in Resources */,
				30ECEA352C25AD0700DEB764 /* Assets.xcassets in Resources */,
			);
			runOnlyForDeploymentPostprocessing = 0;
		};
		30ECEA402C25AD0700DEB764 /* Resources */ = {
			isa = PBXResourcesBuildPhase;
			buildActionMask = 2147483647;
			files = (
			);
			runOnlyForDeploymentPostprocessing = 0;
		};
		30ECEA4A2C25AD0700DEB764 /* Resources */ = {
			isa = PBXResourcesBuildPhase;
			buildActionMask = 2147483647;
			files = (
			);
			runOnlyForDeploymentPostprocessing = 0;
		};
/* End PBXResourcesBuildPhase section */

/* Begin PBXSourcesBuildPhase section */
		30ECEA292C25AD0600DEB764 /* Sources */ = {
			isa = PBXSourcesBuildPhase;
			buildActionMask = 2147483647;
			files = (
				30ECEA3A2C25AD0700DEB764 /* Persistence.swift in Sources */,
				30ECEA332C25AD0600DEB764 /* ContentView.swift in Sources */,
				30ECEA3D2C25AD0700DEB764 /* NewsApp.xcdatamodeld in Sources */,
				30ECEA312C25AD0600DEB764 /* NewsAppApp.swift in Sources */,
			);
			runOnlyForDeploymentPostprocessing = 0;
		};
		30ECEA3E2C25AD0700DEB764 /* Sources */ = {
			isa = PBXSourcesBuildPhase;
			buildActionMask = 2147483647;
			files = (
				30ECEA472C25AD0700DEB764 /* NewsAppTests.swift in Sources */,
			);
			runOnlyForDeploymentPostprocessing = 0;
		};
		30ECEA482C25AD0700DEB764 /* Sources */ = {
			isa = PBXSourcesBuildPhase;
			buildActionMask = 2147483647;
			files = (
				30ECEA512C25AD0700DEB764 /* NewsAppUITests.swift in Sources */,
				30ECEA532C25AD0700DEB764 /* NewsAppUITestsLaunchTests.swift in Sources */,
			);
			runOnlyForDeploymentPostprocessing = 0;
		};
/* End PBXSourcesBuildPhase section */

/* Begin PBXTargetDependency section */
		30ECEA442C25AD0700DEB764 /* PBXTargetDependency */ = {
			isa = PBXTargetDependency;
			target = 30ECEA2C2C25AD0600DEB764 /* NewsApp */;
			targetProxy = 30ECEA432C25AD0700DEB764 /* PBXContainerItemProxy */;
		};
		30ECEA4E2C25AD0700DEB764 /* PBXTargetDependency */ = {
			isa = PBXTargetDependency;
			target = 30ECEA2C2C25AD0600DEB764 /* NewsApp */;
			targetProxy = 30ECEA4D2C25AD0700DEB764 /* PBXContainerItemProxy */;
		};
/* End PBXTargetDependency section */

/* Begin XCBuildConfiguration section */
		30ECEA542C25AD0700DEB764 /* Debug */ = {
			isa = XCBuildConfiguration;
			buildSettings = {
				ALWAYS_SEARCH_USER_PATHS = NO;
				ASSETCATALOG_COMPILER_GENERATE_SWIFT_ASSET_SYMBOL_EXTENSIONS = YES;
				CLANG_ANALYZER_NONNULL = YES;
				CLANG_ANALYZER_NUMBER_OBJECT_CONVERSION = YES_AGGRESSIVE;
				CLANG_CXX_LANGUAGE_STANDARD = "gnu++20";
				CLANG_ENABLE_MODULES = YES;
				CLANG_ENABLE_OBJC_ARC = YES;
				CLANG_ENABLE_OBJC_WEAK = YES;
				CLANG_WARN_BLOCK_CAPTURE_AUTORELEASING = YES;
				CLANG_WARN_BOOL_CONVERSION = YES;
				CLANG_WARN_COMMA = YES;
				CLANG_WARN_CONSTANT_CONVERSION = YES;
				CLANG_WARN_DEPRECATED_OBJC_IMPLEMENTATIONS = YES;
				CLANG_WARN_DIRECT_OBJC_ISA_USAGE = YES_ERROR;
				CLANG_WARN_DOCUMENTATION_COMMENTS = YES;
				CLANG_WARN_EMPTY_BODY = YES;
				CLANG_WARN_ENUM_CONVERSION = YES;
				CLANG_WARN_INFINITE_RECURSION = YES;
				CLANG_WARN_INT_CONVERSION = YES;
				CLANG_WARN_NON_LITERAL_NULL_CONVERSION = YES;
				CLANG_WARN_OBJC_IMPLICIT_RETAIN_SELF = YES;
				CLANG_WARN_OBJC_LITERAL_CONVERSION = YES;
				CLANG_WARN_OBJC_ROOT_CLASS = YES_ERROR;
				CLANG_WARN_QUOTED_INCLUDE_IN_FRAMEWORK_HEADER = YES;
				CLANG_WARN_RANGE_LOOP_ANALYSIS = YES;
				CLANG_WARN_STRICT_PROTOTYPES = YES;
				CLANG_WARN_SUSPICIOUS_MOVE = YES;
				CLANG_WARN_UNGUARDED_AVAILABILITY = YES_AGGRESSIVE;
				CLANG_WARN_UNREACHABLE_CODE = YES;
				CLANG_WARN__DUPLICATE_METHOD_MATCH = YES;
				COPY_PHASE_STRIP = NO;
				DEBUG_INFORMATION_FORMAT = dwarf;
				ENABLE_STRICT_OBJC_MSGSEND = YES;
				ENABLE_TESTABILITY = YES;
				ENABLE_USER_SCRIPT_SANDBOXING = YES;
				GCC_C_LANGUAGE_STANDARD = gnu17;
				GCC_DYNAMIC_NO_PIC = NO;
				GCC_NO_COMMON_BLOCKS = YES;
				GCC_OPTIMIZATION_LEVEL = 0;
				GCC_PREPROCESSOR_DEFINITIONS = (
					"DEBUG=1",
					"$(inherited)",
				);
				GCC_WARN_64_TO_32_BIT_CONVERSION = YES;
				GCC_WARN_ABOUT_RETURN_TYPE = YES_ERROR;
				GCC_WARN_UNDECLARED_SELECTOR = YES;
				GCC_WARN_UNINITIALIZED_AUTOS = YES_AGGRESSIVE;
				GCC_WARN_UNUSED_FUNCTION = YES;
				GCC_WARN_UNUSED_VARIABLE = YES;
				IPHONEOS_DEPLOYMENT_TARGET = 17.4;
				LOCALIZATION_PREFERS_STRING_CATALOGS = YES;
				MTL_ENABLE_DEBUG_INFO = INCLUDE_SOURCE;
				MTL_FAST_MATH = YES;
				ONLY_ACTIVE_ARCH = YES;
				SDKROOT = iphoneos;
				SWIFT_ACTIVE_COMPILATION_CONDITIONS = "DEBUG $(inherited)";
				SWIFT_OPTIMIZATION_LEVEL = "-Onone";
			};
			name = Debug;
		};
		30ECEA552C25AD0700DEB764 /* Release */ = {
			isa = XCBuildConfiguration;
			buildSettings = {
				ALWAYS_SEARCH_USER_PATHS = NO;
				ASSETCATALOG_COMPILER_GENERATE_SWIFT_ASSET_SYMBOL_EXTENSIONS = YES;
				CLANG_ANALYZER_NONNULL = YES;
				CLANG_ANALYZER_NUMBER_OBJECT_CONVERSION = YES_AGGRESSIVE;
				CLANG_CXX_LANGUAGE_STANDARD = "gnu++20";
				CLANG_ENABLE_MODULES = YES;
				CLANG_ENABLE_OBJC_ARC = YES;
				CLANG_ENABLE_OBJC_WEAK = YES;
				CLANG_WARN_BLOCK_CAPTURE_AUTORELEASING = YES;
				CLANG_WARN_BOOL_CONVERSION = YES;
				CLANG_WARN_COMMA = YES;
				CLANG_WARN_CONSTANT_CONVERSION = YES;
				CLANG_WARN_DEPRECATED_OBJC_IMPLEMENTATIONS = YES;
				CLANG_WARN_DIRECT_OBJC_ISA_USAGE = YES_ERROR;
				CLANG_WARN_DOCUMENTATION_COMMENTS = YES;
				CLANG_WARN_EMPTY_BODY = YES;
				CLANG_WARN_ENUM_CONVERSION = YES;
				CLANG_WARN_INFINITE_RECURSION = YES;
				CLANG_WARN_INT_CONVERSION = YES;
				CLANG_WARN_NON_LITERAL_NULL_CONVERSION = YES;
				CLANG_WARN_OBJC_IMPLICIT_RETAIN_SELF = YES;
				CLANG_WARN_OBJC_LITERAL_CONVERSION = YES;
				CLANG_WARN_OBJC_ROOT_CLASS = YES_ERROR;
				CLANG_WARN_QUOTED_INCLUDE_IN_FRAMEWORK_HEADER = YES;
				CLANG_WARN_RANGE_LOOP_ANALYSIS = YES;
				CLANG_WARN_STRICT_PROTOTYPES = YES;
				CLANG_WARN_SUSPICIOUS_MOVE = YES;
				CLANG_WARN_UNGUARDED_AVAILABILITY = YES_AGGRESSIVE;
				CLANG_WARN_UNREACHABLE_CODE = YES;
				CLANG_WARN__DUPLICATE_METHOD_MATCH = YES;
				COPY_PHASE_STRIP = NO;
				DEBUG_INFORMATION_FORMAT = "dwarf-with-dsym";
				ENABLE_NS_ASSERTIONS = NO;
				ENABLE_STRICT_OBJC_MSGSEND = YES;
				ENABLE_USER_SCRIPT_SANDBOXING = YES;
				GCC_C_LANGUAGE_STANDARD = gnu17;
				GCC_NO_COMMON_BLOCKS = YES;
				GCC_WARN_64_TO_32_BIT_CONVERSION = YES;
				GCC_WARN_ABOUT_RETURN_TYPE = YES_ERROR;
				GCC_WARN_UNDECLARED_SELECTOR = YES;
				GCC_WARN_UNINITIALIZED_AUTOS = YES_AGGRESSIVE;
				GCC_WARN_UNUSED_FUNCTION = YES;
				GCC_WARN_UNUSED_VARIABLE = YES;
				IPHONEOS_DEPLOYMENT_TARGET = 17.4;
				LOCALIZATION_PREFERS_STRING_CATALOGS = YES;
				MTL_ENABLE_DEBUG_INFO = NO;
				MTL_FAST_MATH = YES;
				SDKROOT = iphoneos;
				SWIFT_COMPILATION_MODE = wholemodule;
				VALIDATE_PRODUCT = YES;
			};
			name = Release;
		};
		30ECEA572C25AD0700DEB764 /* Debug */ = {
			isa = XCBuildConfiguration;
			buildSettings = {
				ASSETCATALOG_COMPILER_APPICON_NAME = AppIcon;
				ASSETCATALOG_COMPILER_GLOBAL_ACCENT_COLOR_NAME = AccentColor;
				CODE_SIGN_STYLE = Automatic;
				CURRENT_PROJECT_VERSION = 1;
				DEVELOPMENT_ASSET_PATHS = "\"NewsApp/Preview Content\"";
				DEVELOPMENT_TEAM = 2Q2UWMU587;
				ENABLE_PREVIEWS = YES;
				GENERATE_INFOPLIST_FILE = YES;
				INFOPLIST_KEY_UIApplicationSceneManifest_Generation = YES;
				INFOPLIST_KEY_UIApplicationSupportsIndirectInputEvents = YES;
				INFOPLIST_KEY_UILaunchScreen_Generation = YES;
				INFOPLIST_KEY_UISupportedInterfaceOrientations_iPad = "UIInterfaceOrientationPortrait UIInterfaceOrientationPortraitUpsideDown UIInterfaceOrientationLandscapeLeft UIInterfaceOrientationLandscapeRight";
				INFOPLIST_KEY_UISupportedInterfaceOrientations_iPhone = "UIInterfaceOrientationPortrait UIInterfaceOrientationLandscapeLeft UIInterfaceOrientationLandscapeRight";
				LD_RUNPATH_SEARCH_PATHS = (
					"$(inherited)",
					"@executable_path/Frameworks",
				);
				MARKETING_VERSION = 1.0;
				PRODUCT_BUNDLE_IDENTIFIER = com.tarek.NewsApp;
				PRODUCT_NAME = "$(TARGET_NAME)";
				SWIFT_EMIT_LOC_STRINGS = YES;
				SWIFT_VERSION = 5.0;
				TARGETED_DEVICE_FAMILY = "1,2";
			};
			name = Debug;
		};
		30ECEA582C25AD0700DEB764 /* Release */ = {
			isa = XCBuildConfiguration;
			buildSettings = {
				ASSETCATALOG_COMPILER_APPICON_NAME = AppIcon;
				ASSETCATALOG_COMPILER_GLOBAL_ACCENT_COLOR_NAME = AccentColor;
				CODE_SIGN_STYLE = Automatic;
				CURRENT_PROJECT_VERSION = 1;
				DEVELOPMENT_ASSET_PATHS = "\"NewsApp/Preview Content\"";
				DEVELOPMENT_TEAM = 2Q2UWMU587;
				ENABLE_PREVIEWS = YES;
				GENERATE_INFOPLIST_FILE = YES;
				INFOPLIST_KEY_UIApplicationSceneManifest_Generation = YES;
				INFOPLIST_KEY_UIApplicationSupportsIndirectInputEvents = YES;
				INFOPLIST_KEY_UILaunchScreen_Generation = YES;
				INFOPLIST_KEY_UISupportedInterfaceOrientations_iPad = "UIInterfaceOrientationPortrait UIInterfaceOrientationPortraitUpsideDown UIInterfaceOrientationLandscapeLeft UIInterfaceOrientationLandscapeRight";
				INFOPLIST_KEY_UISupportedInterfaceOrientations_iPhone = "UIInterfaceOrientationPortrait UIInterfaceOrientationLandscapeLeft UIInterfaceOrientationLandscapeRight";
				LD_RUNPATH_SEARCH_PATHS = (
					"$(inherited)",
					"@executable_path/Frameworks",
				);
				MARKETING_VERSION = 1.0;
				PRODUCT_BUNDLE_IDENTIFIER = com.tarek.NewsApp;
				PRODUCT_NAME = "$(TARGET_NAME)";
				SWIFT_EMIT_LOC_STRINGS = YES;
				SWIFT_VERSION = 5.0;
				TARGETED_DEVICE_FAMILY = "1,2";
			};
			name = Release;
		};
		30ECEA5A2C25AD0700DEB764 /* Debug */ = {
			isa = XCBuildConfiguration;
			buildSettings = {
				ALWAYS_EMBED_SWIFT_STANDARD_LIBRARIES = YES;
				BUNDLE_LOADER = "$(TEST_HOST)";
				CODE_SIGN_STYLE = Automatic;
				CURRENT_PROJECT_VERSION = 1;
				DEVELOPMENT_TEAM = 2Q2UWMU587;
				GENERATE_INFOPLIST_FILE = YES;
				IPHONEOS_DEPLOYMENT_TARGET = 17.4;
				MARKETING_VERSION = 1.0;
				PRODUCT_BUNDLE_IDENTIFIER = com.tarek.NewsAppTests;
				PRODUCT_NAME = "$(TARGET_NAME)";
				SWIFT_EMIT_LOC_STRINGS = NO;
				SWIFT_VERSION = 5.0;
				TARGETED_DEVICE_FAMILY = "1,2";
				TEST_HOST = "$(BUILT_PRODUCTS_DIR)/NewsApp.app/$(BUNDLE_EXECUTABLE_FOLDER_PATH)/NewsApp";
			};
			name = Debug;
		};
		30ECEA5B2C25AD0700DEB764 /* Release */ = {
			isa = XCBuildConfiguration;
			buildSettings = {
				ALWAYS_EMBED_SWIFT_STANDARD_LIBRARIES = YES;
				BUNDLE_LOADER = "$(TEST_HOST)";
				CODE_SIGN_STYLE = Automatic;
				CURRENT_PROJECT_VERSION = 1;
				DEVELOPMENT_TEAM = 2Q2UWMU587;
				GENERATE_INFOPLIST_FILE = YES;
				IPHONEOS_DEPLOYMENT_TARGET = 17.4;
				MARKETING_VERSION = 1.0;
				PRODUCT_BUNDLE_IDENTIFIER = com.tarek.NewsAppTests;
				PRODUCT_NAME = "$(TARGET_NAME)";
				SWIFT_EMIT_LOC_STRINGS = NO;
				SWIFT_VERSION = 5.0;
				TARGETED_DEVICE_FAMILY = "1,2";
				TEST_HOST = "$(BUILT_PRODUCTS_DIR)/NewsApp.app/$(BUNDLE_EXECUTABLE_FOLDER_PATH)/NewsApp";
			};
			name = Release;
		};
		30ECEA5D2C25AD0700DEB764 /* Debug */ = {
			isa = XCBuildConfiguration;
			buildSettings = {
				ALWAYS_EMBED_SWIFT_STANDARD_LIBRARIES = YES;
				CODE_SIGN_STYLE = Automatic;
				CURRENT_PROJECT_VERSION = 1;
				DEVELOPMENT_TEAM = 2Q2UWMU587;
				GENERATE_INFOPLIST_FILE = YES;
				MARKETING_VERSION = 1.0;
				PRODUCT_BUNDLE_IDENTIFIER = com.tarek.NewsAppUITests;
				PRODUCT_NAME = "$(TARGET_NAME)";
				SWIFT_EMIT_LOC_STRINGS = NO;
				SWIFT_VERSION = 5.0;
				TARGETED_DEVICE_FAMILY = "1,2";
				TEST_TARGET_NAME = NewsApp;
			};
			name = Debug;
		};
		30ECEA5E2C25AD0700DEB764 /* Release */ = {
			isa = XCBuildConfiguration;
			buildSettings = {
				ALWAYS_EMBED_SWIFT_STANDARD_LIBRARIES = YES;
				CODE_SIGN_STYLE = Automatic;
				CURRENT_PROJECT_VERSION = 1;
				DEVELOPMENT_TEAM = 2Q2UWMU587;
				GENERATE_INFOPLIST_FILE = YES;
				MARKETING_VERSION = 1.0;
				PRODUCT_BUNDLE_IDENTIFIER = com.tarek.NewsAppUITests;
				PRODUCT_NAME = "$(TARGET_NAME)";
				SWIFT_EMIT_LOC_STRINGS = NO;
				SWIFT_VERSION = 5.0;
				TARGETED_DEVICE_FAMILY = "1,2";
				TEST_TARGET_NAME = NewsApp;
			};
			name = Release;
		};
/* End XCBuildConfiguration section */

/* Begin XCConfigurationList section */
		30ECEA282C25AD0500DEB764 /* Build configuration list for PBXProject "NewsApp" */ = {
			isa = XCConfigurationList;
			buildConfigurations = (
				30ECEA542C25AD0700DEB764 /* Debug */,
				30ECEA552C25AD0700DEB764 /* Release */,
			);
			defaultConfigurationIsVisible = 0;
			defaultConfigurationName = Release;
		};
		30ECEA562C25AD0700DEB764 /* Build configuration list for PBXNativeTarget "NewsApp" */ = {
			isa = XCConfigurationList;
			buildConfigurations = (
				30ECEA572C25AD0700DEB764 /* Debug */,
				30ECEA582C25AD0700DEB764 /* Release */,
			);
			defaultConfigurationIsVisible = 0;
			defaultConfigurationName = Release;
		};
		30ECEA592C25AD0700DEB764 /* Build configuration list for PBXNativeTarget "NewsAppTests" */ = {
			isa = XCConfigurationList;
			buildConfigurations = (
				30ECEA5A2C25AD0700DEB764 /* Debug */,
				30ECEA5B2C25AD0700DEB764 /* Release */,
			);
			defaultConfigurationIsVisible = 0;
			defaultConfigurationName = Release;
		};
		30ECEA5C2C25AD0700DEB764 /* Build configuration list for PBXNativeTarget "NewsAppUITests" */ = {
			isa = XCConfigurationList;
			buildConfigurations = (
				30ECEA5D2C25AD0700DEB764 /* Debug */,
				30ECEA5E2C25AD0700DEB764 /* Release */,
			);
			defaultConfigurationIsVisible = 0;
			defaultConfigurationName = Release;
		};
/* End XCConfigurationList section */

/* Begin XCVersionGroup section */
		30ECEA3B2C25AD0700DEB764 /* NewsApp.xcdatamodeld */ = {
			isa = XCVersionGroup;
			children = (
				30ECEA3C2C25AD0700DEB764 /* NewsApp.xcdatamodel */,
			);
			currentVersion = 30ECEA3C2C25AD0700DEB764 /* NewsApp.xcdatamodel */;
			path = NewsApp.xcdatamodeld;
			sourceTree = "<group>";
			versionGroupType = wrapper.xcdatamodel;
		};
/* End XCVersionGroup section */
	};
	rootObject = 30ECEA252C25AD0500DEB764 /* Project object */;
}
